// !$*UTF8*$!
{
	archiveVersion = 1;
	classes = {
	};
	objectVersion = 56;
	objects = {

/* Begin PBXBuildFile section */
		B524BB8D2AF9805900722B7F /* FeedUIIntegrationTests.swift in Sources */ = {isa = PBXBuildFile; fileRef = B524BB8C2AF9805900722B7F /* FeedUIIntegrationTests.swift */; };
		B524BB902AF9817E00722B7F /* SharedTestHelpers.swift in Sources */ = {isa = PBXBuildFile; fileRef = B524BB8F2AF9817E00722B7F /* SharedTestHelpers.swift */; };
		B524BB922AF982A100722B7F /* FeedUIIntegrationTests+LoaderSpy.swift in Sources */ = {isa = PBXBuildFile; fileRef = B524BB912AF982A100722B7F /* FeedUIIntegrationTests+LoaderSpy.swift */; };
		B524BB942AF983CC00722B7F /* ListViewController+TestHelpers.swift in Sources */ = {isa = PBXBuildFile; fileRef = B524BB932AF983CC00722B7F /* ListViewController+TestHelpers.swift */; };
		B524BB962AF9842A00722B7F /* UIRefreshControl+TestHelpers.swift in Sources */ = {isa = PBXBuildFile; fileRef = B524BB952AF9842A00722B7F /* UIRefreshControl+TestHelpers.swift */; };
		B524BB982AF9844900722B7F /* UIControl+TestHelpers.swift in Sources */ = {isa = PBXBuildFile; fileRef = B524BB972AF9844900722B7F /* UIControl+TestHelpers.swift */; };
		B524BB9A2AF9846B00722B7F /* UIButton+TestHelpers.swift in Sources */ = {isa = PBXBuildFile; fileRef = B524BB992AF9846B00722B7F /* UIButton+TestHelpers.swift */; };
		B544EE542AFAD7040069ED2E /* FeedImageCell+TestHelpers.swift in Sources */ = {isa = PBXBuildFile; fileRef = B544EE532AFAD7040069ED2E /* FeedImageCell+TestHelpers.swift */; };
		B544EE562AFADA850069ED2E /* LoadResourcePresentationAdapter.swift in Sources */ = {isa = PBXBuildFile; fileRef = B544EE552AFADA850069ED2E /* LoadResourcePresentationAdapter.swift */; };
		B544EE582AFADAB00069ED2E /* CombineHelpers.swift in Sources */ = {isa = PBXBuildFile; fileRef = B544EE572AFADAB00069ED2E /* CombineHelpers.swift */; };
		B544EE5A2AFADB220069ED2E /* FeedViewAdapter.swift in Sources */ = {isa = PBXBuildFile; fileRef = B544EE592AFADB220069ED2E /* FeedViewAdapter.swift */; };
		B544EE5C2AFADC000069ED2E /* WeakRefVirtualProxy.swift in Sources */ = {isa = PBXBuildFile; fileRef = B544EE5B2AFADC000069ED2E /* WeakRefVirtualProxy.swift */; };
		B55094A72AED44BC005DCC1D /* EssentialFeedCacheIntegrationTests.swift in Sources */ = {isa = PBXBuildFile; fileRef = B55094A62AED44BC005DCC1D /* EssentialFeedCacheIntegrationTests.swift */; };
		B55094AC2AED44CF005DCC1D /* FeedCacheInfra in Frameworks */ = {isa = PBXBuildFile; productRef = B55094AB2AED44CF005DCC1D /* FeedCacheInfra */; };
		B55094AE2AED4521005DCC1D /* TestHelpers.swift in Sources */ = {isa = PBXBuildFile; fileRef = B55094AD2AED4521005DCC1D /* TestHelpers.swift */; };
		B55094B02AED453B005DCC1D /* SharedTestHelpers in Frameworks */ = {isa = PBXBuildFile; productRef = B55094AF2AED453B005DCC1D /* SharedTestHelpers */; };
		B56A84DA2AD982E7003D4C3F /* AppDelegate.swift in Sources */ = {isa = PBXBuildFile; fileRef = B56A84D92AD982E7003D4C3F /* AppDelegate.swift */; };
		B56A84DC2AD982E7003D4C3F /* SceneDelegate.swift in Sources */ = {isa = PBXBuildFile; fileRef = B56A84DB2AD982E7003D4C3F /* SceneDelegate.swift */; };
		B56A84DE2AD982E7003D4C3F /* ViewController.swift in Sources */ = {isa = PBXBuildFile; fileRef = B56A84DD2AD982E7003D4C3F /* ViewController.swift */; };
		B56A84E12AD982E7003D4C3F /* Main.storyboard in Resources */ = {isa = PBXBuildFile; fileRef = B56A84DF2AD982E7003D4C3F /* Main.storyboard */; };
		B56A84E32AD982EB003D4C3F /* Assets.xcassets in Resources */ = {isa = PBXBuildFile; fileRef = B56A84E22AD982EB003D4C3F /* Assets.xcassets */; };
		B56A84E62AD982EB003D4C3F /* LaunchScreen.storyboard in Resources */ = {isa = PBXBuildFile; fileRef = B56A84E42AD982EB003D4C3F /* LaunchScreen.storyboard */; };
		B59F8ACE2AEBF135006B9D92 /* EssentialFeedAPIEndToEndTests.swift in Sources */ = {isa = PBXBuildFile; fileRef = B59F8ACD2AEBF135006B9D92 /* EssentialFeedAPIEndToEndTests.swift */; };
		B59F8AE22AEBF580006B9D92 /* FeedFeature in Frameworks */ = {isa = PBXBuildFile; productRef = B59F8AE12AEBF580006B9D92 /* FeedFeature */; };
		B59F8AE42AEBF580006B9D92 /* SharedAPI in Frameworks */ = {isa = PBXBuildFile; productRef = B59F8AE32AEBF580006B9D92 /* SharedAPI */; };
		B59F8AE62AEBF580006B9D92 /* SharedAPIInfra in Frameworks */ = {isa = PBXBuildFile; productRef = B59F8AE52AEBF580006B9D92 /* SharedAPIInfra */; };
		B59F8AE82AEBF581006B9D92 /* SharedTestHelpers in Frameworks */ = {isa = PBXBuildFile; productRef = B59F8AE72AEBF581006B9D92 /* SharedTestHelpers */; };
		B5B70B462AF9881700320A29 /* FeedAPI in Frameworks */ = {isa = PBXBuildFile; productRef = B5B70B452AF9881700320A29 /* FeedAPI */; };
		B5B70B482AF9883F00320A29 /* FeedFeature in Frameworks */ = {isa = PBXBuildFile; productRef = B5B70B472AF9883F00320A29 /* FeedFeature */; };
		B5B70B4A2AF9883F00320A29 /* FeedPresentation in Frameworks */ = {isa = PBXBuildFile; productRef = B5B70B492AF9883F00320A29 /* FeedPresentation */; };
		B5B70B4C2AF9883F00320A29 /* FeedUI in Frameworks */ = {isa = PBXBuildFile; productRef = B5B70B4B2AF9883F00320A29 /* FeedUI */; };
		B5B70B4E2AF9883F00320A29 /* SharedPresentation in Frameworks */ = {isa = PBXBuildFile; productRef = B5B70B4D2AF9883F00320A29 /* SharedPresentation */; };
		B5B70B502AF9883F00320A29 /* SharedTestHelpers in Frameworks */ = {isa = PBXBuildFile; productRef = B5B70B4F2AF9883F00320A29 /* SharedTestHelpers */; };
		B5B70B522AF9883F00320A29 /* SharedUI in Frameworks */ = {isa = PBXBuildFile; productRef = B5B70B512AF9883F00320A29 /* SharedUI */; };
		B5B70B542AF98BB300320A29 /* FeedUIComposer.swift in Sources */ = {isa = PBXBuildFile; fileRef = B5B70B532AF98BB300320A29 /* FeedUIComposer.swift */; };
		B5B70B562AF98C0300320A29 /* FeedAPI in Frameworks */ = {isa = PBXBuildFile; productRef = B5B70B552AF98C0300320A29 /* FeedAPI */; };
		B5B70B582AF98C0300320A29 /* FeedCache in Frameworks */ = {isa = PBXBuildFile; productRef = B5B70B572AF98C0300320A29 /* FeedCache */; };
		B5B70B5A2AF98C0300320A29 /* FeedCacheInfra in Frameworks */ = {isa = PBXBuildFile; productRef = B5B70B592AF98C0300320A29 /* FeedCacheInfra */; };
		B5B70B5C2AF98C0300320A29 /* FeedFeature in Frameworks */ = {isa = PBXBuildFile; productRef = B5B70B5B2AF98C0300320A29 /* FeedFeature */; };
		B5B70B5E2AF98C0300320A29 /* FeedPresentation in Frameworks */ = {isa = PBXBuildFile; productRef = B5B70B5D2AF98C0300320A29 /* FeedPresentation */; };
		B5B70B602AF98C0300320A29 /* FeedUI in Frameworks */ = {isa = PBXBuildFile; productRef = B5B70B5F2AF98C0300320A29 /* FeedUI */; };
		B5B70B622AF98C0300320A29 /* SharedAPI in Frameworks */ = {isa = PBXBuildFile; productRef = B5B70B612AF98C0300320A29 /* SharedAPI */; };
		B5B70B642AF98C0300320A29 /* SharedAPIInfra in Frameworks */ = {isa = PBXBuildFile; productRef = B5B70B632AF98C0300320A29 /* SharedAPIInfra */; };
		B5B70B662AF98C0300320A29 /* SharedPresentation in Frameworks */ = {isa = PBXBuildFile; productRef = B5B70B652AF98C0300320A29 /* SharedPresentation */; };
		B5B70B682AF98C0300320A29 /* SharedUI in Frameworks */ = {isa = PBXBuildFile; productRef = B5B70B672AF98C0300320A29 /* SharedUI */; };
		B5B70B6A2AF98E3100320A29 /* FeedUIIntegrationTests+Assertions.swift in Sources */ = {isa = PBXBuildFile; fileRef = B5B70B692AF98E3100320A29 /* FeedUIIntegrationTests+Assertions.swift */; };
		B5B70B6C2AF98E5F00320A29 /* UIView+TestHelpers.swift in Sources */ = {isa = PBXBuildFile; fileRef = B5B70B6B2AF98E5F00320A29 /* UIView+TestHelpers.swift */; };
/* End PBXBuildFile section */

/* Begin PBXContainerItemProxy section */
		B56A84ED2AD982EB003D4C3F /* PBXContainerItemProxy */ = {
			isa = PBXContainerItemProxy;
			containerPortal = B56A84CE2AD982E7003D4C3F /* Project object */;
			proxyType = 1;
			remoteGlobalIDString = B56A84D52AD982E7003D4C3F;
			remoteInfo = EssentialApp;
		};
		B59F8ACF2AEBF135006B9D92 /* PBXContainerItemProxy */ = {
			isa = PBXContainerItemProxy;
			containerPortal = B56A84CE2AD982E7003D4C3F /* Project object */;
			proxyType = 1;
			remoteGlobalIDString = B56A84D52AD982E7003D4C3F;
			remoteInfo = EssentialApp;
		};
/* End PBXContainerItemProxy section */

/* Begin PBXFileReference section */
		B52038AB2AED5CCF00DEBAA9 /* SharedUI */ = {isa = PBXFileReference; lastKnownFileType = wrapper; name = SharedUI; path = ../SharedUI; sourceTree = "<group>"; };
		B52038AC2AED5D0600DEBAA9 /* FeedUI */ = {isa = PBXFileReference; lastKnownFileType = wrapper; name = FeedUI; path = ../FeedUI; sourceTree = "<group>"; };
		B52038AD2AED629400DEBAA9 /* SharedPresentation */ = {isa = PBXFileReference; lastKnownFileType = wrapper; name = SharedPresentation; path = ../SharedPresentation; sourceTree = "<group>"; };
		B524BB8C2AF9805900722B7F /* FeedUIIntegrationTests.swift */ = {isa = PBXFileReference; lastKnownFileType = sourcecode.swift; path = FeedUIIntegrationTests.swift; sourceTree = "<group>"; };
		B524BB8F2AF9817E00722B7F /* SharedTestHelpers.swift */ = {isa = PBXFileReference; lastKnownFileType = sourcecode.swift; path = SharedTestHelpers.swift; sourceTree = "<group>"; };
		B524BB912AF982A100722B7F /* FeedUIIntegrationTests+LoaderSpy.swift */ = {isa = PBXFileReference; lastKnownFileType = sourcecode.swift; path = "FeedUIIntegrationTests+LoaderSpy.swift"; sourceTree = "<group>"; };
		B524BB932AF983CC00722B7F /* ListViewController+TestHelpers.swift */ = {isa = PBXFileReference; lastKnownFileType = sourcecode.swift; path = "ListViewController+TestHelpers.swift"; sourceTree = "<group>"; };
		B524BB952AF9842A00722B7F /* UIRefreshControl+TestHelpers.swift */ = {isa = PBXFileReference; lastKnownFileType = sourcecode.swift; path = "UIRefreshControl+TestHelpers.swift"; sourceTree = "<group>"; };
		B524BB972AF9844900722B7F /* UIControl+TestHelpers.swift */ = {isa = PBXFileReference; lastKnownFileType = sourcecode.swift; path = "UIControl+TestHelpers.swift"; sourceTree = "<group>"; };
		B524BB992AF9846B00722B7F /* UIButton+TestHelpers.swift */ = {isa = PBXFileReference; lastKnownFileType = sourcecode.swift; path = "UIButton+TestHelpers.swift"; sourceTree = "<group>"; };
		B544EE532AFAD7040069ED2E /* FeedImageCell+TestHelpers.swift */ = {isa = PBXFileReference; lastKnownFileType = sourcecode.swift; path = "FeedImageCell+TestHelpers.swift"; sourceTree = "<group>"; };
		B544EE552AFADA850069ED2E /* LoadResourcePresentationAdapter.swift */ = {isa = PBXFileReference; lastKnownFileType = sourcecode.swift; path = LoadResourcePresentationAdapter.swift; sourceTree = "<group>"; };
		B544EE572AFADAB00069ED2E /* CombineHelpers.swift */ = {isa = PBXFileReference; lastKnownFileType = sourcecode.swift; path = CombineHelpers.swift; sourceTree = "<group>"; };
		B544EE592AFADB220069ED2E /* FeedViewAdapter.swift */ = {isa = PBXFileReference; lastKnownFileType = sourcecode.swift; path = FeedViewAdapter.swift; sourceTree = "<group>"; };
		B544EE5B2AFADC000069ED2E /* WeakRefVirtualProxy.swift */ = {isa = PBXFileReference; lastKnownFileType = sourcecode.swift; path = WeakRefVirtualProxy.swift; sourceTree = "<group>"; };
		B55094A42AED44BC005DCC1D /* EssentialFeedCacheIntegrationTests.xctest */ = {isa = PBXFileReference; explicitFileType = wrapper.cfbundle; includeInIndex = 0; path = EssentialFeedCacheIntegrationTests.xctest; sourceTree = BUILT_PRODUCTS_DIR; };
		B55094A62AED44BC005DCC1D /* EssentialFeedCacheIntegrationTests.swift */ = {isa = PBXFileReference; lastKnownFileType = sourcecode.swift; path = EssentialFeedCacheIntegrationTests.swift; sourceTree = "<group>"; };
		B55094AD2AED4521005DCC1D /* TestHelpers.swift */ = {isa = PBXFileReference; lastKnownFileType = sourcecode.swift; path = TestHelpers.swift; sourceTree = "<group>"; };
		B558E9582AED12230076DE05 /* FeedCacheInfra */ = {isa = PBXFileReference; lastKnownFileType = wrapper; name = FeedCacheInfra; path = ../FeedCacheInfra; sourceTree = "<group>"; };
		B56A84D62AD982E7003D4C3F /* EssentialApp.app */ = {isa = PBXFileReference; explicitFileType = wrapper.application; includeInIndex = 0; path = EssentialApp.app; sourceTree = BUILT_PRODUCTS_DIR; };
		B56A84D92AD982E7003D4C3F /* AppDelegate.swift */ = {isa = PBXFileReference; lastKnownFileType = sourcecode.swift; path = AppDelegate.swift; sourceTree = "<group>"; };
		B56A84DB2AD982E7003D4C3F /* SceneDelegate.swift */ = {isa = PBXFileReference; lastKnownFileType = sourcecode.swift; path = SceneDelegate.swift; sourceTree = "<group>"; };
		B56A84DD2AD982E7003D4C3F /* ViewController.swift */ = {isa = PBXFileReference; lastKnownFileType = sourcecode.swift; path = ViewController.swift; sourceTree = "<group>"; };
		B56A84E02AD982E7003D4C3F /* Base */ = {isa = PBXFileReference; lastKnownFileType = file.storyboard; name = Base; path = Base.lproj/Main.storyboard; sourceTree = "<group>"; };
		B56A84E22AD982EB003D4C3F /* Assets.xcassets */ = {isa = PBXFileReference; lastKnownFileType = folder.assetcatalog; path = Assets.xcassets; sourceTree = "<group>"; };
		B56A84E52AD982EB003D4C3F /* Base */ = {isa = PBXFileReference; lastKnownFileType = file.storyboard; name = Base; path = Base.lproj/LaunchScreen.storyboard; sourceTree = "<group>"; };
		B56A84E72AD982EB003D4C3F /* Info.plist */ = {isa = PBXFileReference; lastKnownFileType = text.plist.xml; path = Info.plist; sourceTree = "<group>"; };
		B56A84EC2AD982EB003D4C3F /* EssentialAppTests.xctest */ = {isa = PBXFileReference; explicitFileType = wrapper.cfbundle; includeInIndex = 0; path = EssentialAppTests.xctest; sourceTree = BUILT_PRODUCTS_DIR; };
		B56A85092AD9860E003D4C3F /* SharedAPI */ = {isa = PBXFileReference; lastKnownFileType = wrapper; name = SharedAPI; path = ../SharedAPI; sourceTree = "<group>"; };
		B56A850A2AD98801003D4C3F /* SharedAPIInfra */ = {isa = PBXFileReference; lastKnownFileType = wrapper; name = SharedAPIInfra; path = ../SharedAPIInfra; sourceTree = "<group>"; };
		B56A850B2AD99414003D4C3F /* SharedTestHelpers */ = {isa = PBXFileReference; lastKnownFileType = wrapper; name = SharedTestHelpers; path = ../SharedTestHelpers; sourceTree = "<group>"; };
		B56A850C2AD9A2AD003D4C3F /* FeedAPI */ = {isa = PBXFileReference; lastKnownFileType = wrapper; name = FeedAPI; path = ../FeedAPI; sourceTree = "<group>"; };
		B56A850D2AD9A355003D4C3F /* FeedFeature */ = {isa = PBXFileReference; lastKnownFileType = wrapper; name = FeedFeature; path = ../FeedFeature; sourceTree = "<group>"; };
		B5844FBB2AF2F55200E4AFAA /* FeedPresentation */ = {isa = PBXFileReference; lastKnownFileType = wrapper; name = FeedPresentation; path = ../FeedPresentation; sourceTree = "<group>"; };
		B59F8ACB2AEBF135006B9D92 /* EssentialFeedAPIEndToEndTests.xctest */ = {isa = PBXFileReference; explicitFileType = wrapper.cfbundle; includeInIndex = 0; path = EssentialFeedAPIEndToEndTests.xctest; sourceTree = BUILT_PRODUCTS_DIR; };
		B59F8ACD2AEBF135006B9D92 /* EssentialFeedAPIEndToEndTests.swift */ = {isa = PBXFileReference; lastKnownFileType = sourcecode.swift; path = EssentialFeedAPIEndToEndTests.swift; sourceTree = "<group>"; };
		B59F8AEA2AEBF748006B9D92 /* CI_macOS.xctestplan */ = {isa = PBXFileReference; lastKnownFileType = text; path = CI_macOS.xctestplan; sourceTree = "<group>"; };
		B59F8AEB2AEC0125006B9D92 /* FeedCache */ = {isa = PBXFileReference; lastKnownFileType = wrapper; name = FeedCache; path = ../FeedCache; sourceTree = "<group>"; };
		B5B70B532AF98BB300320A29 /* FeedUIComposer.swift */ = {isa = PBXFileReference; lastKnownFileType = sourcecode.swift; path = FeedUIComposer.swift; sourceTree = "<group>"; };
		B5B70B692AF98E3100320A29 /* FeedUIIntegrationTests+Assertions.swift */ = {isa = PBXFileReference; lastKnownFileType = sourcecode.swift; path = "FeedUIIntegrationTests+Assertions.swift"; sourceTree = "<group>"; };
		B5B70B6B2AF98E5F00320A29 /* UIView+TestHelpers.swift */ = {isa = PBXFileReference; lastKnownFileType = sourcecode.swift; path = "UIView+TestHelpers.swift"; sourceTree = "<group>"; };
/* End PBXFileReference section */

/* Begin PBXFrameworksBuildPhase section */
		B55094A12AED44BC005DCC1D /* Frameworks */ = {
			isa = PBXFrameworksBuildPhase;
			buildActionMask = 2147483647;
			files = (
				B55094AC2AED44CF005DCC1D /* FeedCacheInfra in Frameworks */,
				B55094B02AED453B005DCC1D /* SharedTestHelpers in Frameworks */,
			);
			runOnlyForDeploymentPostprocessing = 0;
		};
		B56A84D32AD982E7003D4C3F /* Frameworks */ = {
			isa = PBXFrameworksBuildPhase;
			buildActionMask = 2147483647;
			files = (
				B5B70B602AF98C0300320A29 /* FeedUI in Frameworks */,
				B5B70B682AF98C0300320A29 /* SharedUI in Frameworks */,
				B5B70B5A2AF98C0300320A29 /* FeedCacheInfra in Frameworks */,
				B5B70B622AF98C0300320A29 /* SharedAPI in Frameworks */,
				B5B70B562AF98C0300320A29 /* FeedAPI in Frameworks */,
				B5B70B5E2AF98C0300320A29 /* FeedPresentation in Frameworks */,
				B5B70B662AF98C0300320A29 /* SharedPresentation in Frameworks */,
				B5B70B582AF98C0300320A29 /* FeedCache in Frameworks */,
				B5B70B5C2AF98C0300320A29 /* FeedFeature in Frameworks */,
				B5B70B642AF98C0300320A29 /* SharedAPIInfra in Frameworks */,
			);
			runOnlyForDeploymentPostprocessing = 0;
		};
		B56A84E92AD982EB003D4C3F /* Frameworks */ = {
			isa = PBXFrameworksBuildPhase;
			buildActionMask = 2147483647;
			files = (
				B5B70B4C2AF9883F00320A29 /* FeedUI in Frameworks */,
				B5B70B4E2AF9883F00320A29 /* SharedPresentation in Frameworks */,
				B5B70B502AF9883F00320A29 /* SharedTestHelpers in Frameworks */,
				B5B70B522AF9883F00320A29 /* SharedUI in Frameworks */,
				B5B70B4A2AF9883F00320A29 /* FeedPresentation in Frameworks */,
				B5B70B482AF9883F00320A29 /* FeedFeature in Frameworks */,
			);
			runOnlyForDeploymentPostprocessing = 0;
		};
		B59F8AC82AEBF135006B9D92 /* Frameworks */ = {
			isa = PBXFrameworksBuildPhase;
			buildActionMask = 2147483647;
			files = (
				B59F8AE22AEBF580006B9D92 /* FeedFeature in Frameworks */,
				B59F8AE82AEBF581006B9D92 /* SharedTestHelpers in Frameworks */,
				B59F8AE42AEBF580006B9D92 /* SharedAPI in Frameworks */,
				B59F8AE62AEBF580006B9D92 /* SharedAPIInfra in Frameworks */,
				B5B70B462AF9881700320A29 /* FeedAPI in Frameworks */,
			);
			runOnlyForDeploymentPostprocessing = 0;
		};
/* End PBXFrameworksBuildPhase section */

/* Begin PBXGroup section */
		B524BB8E2AF9817400722B7F /* Helpers */ = {
			isa = PBXGroup;
			children = (
				B524BB8F2AF9817E00722B7F /* SharedTestHelpers.swift */,
				B524BB912AF982A100722B7F /* FeedUIIntegrationTests+LoaderSpy.swift */,
				B524BB932AF983CC00722B7F /* ListViewController+TestHelpers.swift */,
				B524BB952AF9842A00722B7F /* UIRefreshControl+TestHelpers.swift */,
				B524BB972AF9844900722B7F /* UIControl+TestHelpers.swift */,
				B524BB992AF9846B00722B7F /* UIButton+TestHelpers.swift */,
				B5B70B692AF98E3100320A29 /* FeedUIIntegrationTests+Assertions.swift */,
				B5B70B6B2AF98E5F00320A29 /* UIView+TestHelpers.swift */,
				B544EE532AFAD7040069ED2E /* FeedImageCell+TestHelpers.swift */,
			);
			path = Helpers;
			sourceTree = "<group>";
		};
		B55094A52AED44BC005DCC1D /* EssentialFeedCacheIntegrationTests */ = {
			isa = PBXGroup;
			children = (
				B55094A62AED44BC005DCC1D /* EssentialFeedCacheIntegrationTests.swift */,
				B55094AD2AED4521005DCC1D /* TestHelpers.swift */,
			);
			path = EssentialFeedCacheIntegrationTests;
			sourceTree = "<group>";
		};
		B56A84CD2AD982E7003D4C3F = {
			isa = PBXGroup;
			children = (
				B5844FBB2AF2F55200E4AFAA /* FeedPresentation */,
				B52038AD2AED629400DEBAA9 /* SharedPresentation */,
				B52038AC2AED5D0600DEBAA9 /* FeedUI */,
				B52038AB2AED5CCF00DEBAA9 /* SharedUI */,
				B558E9582AED12230076DE05 /* FeedCacheInfra */,
				B59F8AEB2AEC0125006B9D92 /* FeedCache */,
				B59F8AEA2AEBF748006B9D92 /* CI_macOS.xctestplan */,
				B56A850D2AD9A355003D4C3F /* FeedFeature */,
				B56A850C2AD9A2AD003D4C3F /* FeedAPI */,
				B56A850B2AD99414003D4C3F /* SharedTestHelpers */,
				B56A850A2AD98801003D4C3F /* SharedAPIInfra */,
				B56A85092AD9860E003D4C3F /* SharedAPI */,
				B56A84D82AD982E7003D4C3F /* EssentialApp */,
				B56A84EF2AD982EB003D4C3F /* EssentialAppTests */,
				B59F8ACC2AEBF135006B9D92 /* EssentialFeedAPIEndToEndTests */,
				B55094A52AED44BC005DCC1D /* EssentialFeedCacheIntegrationTests */,
				B56A84D72AD982E7003D4C3F /* Products */,
				B59F8AD42AEBF258006B9D92 /* Frameworks */,
			);
			sourceTree = "<group>";
		};
		B56A84D72AD982E7003D4C3F /* Products */ = {
			isa = PBXGroup;
			children = (
				B56A84D62AD982E7003D4C3F /* EssentialApp.app */,
				B56A84EC2AD982EB003D4C3F /* EssentialAppTests.xctest */,
				B59F8ACB2AEBF135006B9D92 /* EssentialFeedAPIEndToEndTests.xctest */,
				B55094A42AED44BC005DCC1D /* EssentialFeedCacheIntegrationTests.xctest */,
			);
			name = Products;
			sourceTree = "<group>";
		};
		B56A84D82AD982E7003D4C3F /* EssentialApp */ = {
			isa = PBXGroup;
			children = (
				B56A84D92AD982E7003D4C3F /* AppDelegate.swift */,
				B56A84DB2AD982E7003D4C3F /* SceneDelegate.swift */,
				B56A84DD2AD982E7003D4C3F /* ViewController.swift */,
				B56A84DF2AD982E7003D4C3F /* Main.storyboard */,
				B56A84E22AD982EB003D4C3F /* Assets.xcassets */,
				B56A84E42AD982EB003D4C3F /* LaunchScreen.storyboard */,
				B56A84E72AD982EB003D4C3F /* Info.plist */,
				B5B70B532AF98BB300320A29 /* FeedUIComposer.swift */,
				B544EE552AFADA850069ED2E /* LoadResourcePresentationAdapter.swift */,
				B544EE572AFADAB00069ED2E /* CombineHelpers.swift */,
				B544EE592AFADB220069ED2E /* FeedViewAdapter.swift */,
				B544EE5B2AFADC000069ED2E /* WeakRefVirtualProxy.swift */,
			);
			path = EssentialApp;
			sourceTree = "<group>";
		};
		B56A84EF2AD982EB003D4C3F /* EssentialAppTests */ = {
			isa = PBXGroup;
			children = (
				B524BB8E2AF9817400722B7F /* Helpers */,
				B524BB8C2AF9805900722B7F /* FeedUIIntegrationTests.swift */,
			);
			path = EssentialAppTests;
			sourceTree = "<group>";
		};
		B59F8ACC2AEBF135006B9D92 /* EssentialFeedAPIEndToEndTests */ = {
			isa = PBXGroup;
			children = (
				B59F8ACD2AEBF135006B9D92 /* EssentialFeedAPIEndToEndTests.swift */,
			);
			path = EssentialFeedAPIEndToEndTests;
			sourceTree = "<group>";
		};
		B59F8AD42AEBF258006B9D92 /* Frameworks */ = {
			isa = PBXGroup;
			children = (
			);
			name = Frameworks;
			sourceTree = "<group>";
		};
/* End PBXGroup section */

/* Begin PBXNativeTarget section */
		B55094A32AED44BC005DCC1D /* EssentialFeedCacheIntegrationTests */ = {
			isa = PBXNativeTarget;
			buildConfigurationList = B55094AA2AED44BC005DCC1D /* Build configuration list for PBXNativeTarget "EssentialFeedCacheIntegrationTests" */;
			buildPhases = (
				B55094A02AED44BC005DCC1D /* Sources */,
				B55094A12AED44BC005DCC1D /* Frameworks */,
				B55094A22AED44BC005DCC1D /* Resources */,
			);
			buildRules = (
			);
			dependencies = (
			);
			name = EssentialFeedCacheIntegrationTests;
			packageProductDependencies = (
				B55094AB2AED44CF005DCC1D /* FeedCacheInfra */,
				B55094AF2AED453B005DCC1D /* SharedTestHelpers */,
			);
			productName = EssentialFeedCacheIntegrationTests;
			productReference = B55094A42AED44BC005DCC1D /* EssentialFeedCacheIntegrationTests.xctest */;
			productType = "com.apple.product-type.bundle.unit-test";
		};
		B56A84D52AD982E7003D4C3F /* EssentialApp */ = {
			isa = PBXNativeTarget;
			buildConfigurationList = B56A85002AD982EB003D4C3F /* Build configuration list for PBXNativeTarget "EssentialApp" */;
			buildPhases = (
				B56A84D22AD982E7003D4C3F /* Sources */,
				B56A84D32AD982E7003D4C3F /* Frameworks */,
				B56A84D42AD982E7003D4C3F /* Resources */,
			);
			buildRules = (
			);
			dependencies = (
			);
			name = EssentialApp;
			packageProductDependencies = (
				B5B70B552AF98C0300320A29 /* FeedAPI */,
				B5B70B572AF98C0300320A29 /* FeedCache */,
				B5B70B592AF98C0300320A29 /* FeedCacheInfra */,
				B5B70B5B2AF98C0300320A29 /* FeedFeature */,
				B5B70B5D2AF98C0300320A29 /* FeedPresentation */,
				B5B70B5F2AF98C0300320A29 /* FeedUI */,
				B5B70B612AF98C0300320A29 /* SharedAPI */,
				B5B70B632AF98C0300320A29 /* SharedAPIInfra */,
				B5B70B652AF98C0300320A29 /* SharedPresentation */,
				B5B70B672AF98C0300320A29 /* SharedUI */,
			);
			productName = EssentialApp;
			productReference = B56A84D62AD982E7003D4C3F /* EssentialApp.app */;
			productType = "com.apple.product-type.application";
		};
		B56A84EB2AD982EB003D4C3F /* EssentialAppTests */ = {
			isa = PBXNativeTarget;
			buildConfigurationList = B56A85032AD982EB003D4C3F /* Build configuration list for PBXNativeTarget "EssentialAppTests" */;
			buildPhases = (
				B56A84E82AD982EB003D4C3F /* Sources */,
				B56A84E92AD982EB003D4C3F /* Frameworks */,
				B56A84EA2AD982EB003D4C3F /* Resources */,
			);
			buildRules = (
			);
			dependencies = (
				B56A84EE2AD982EB003D4C3F /* PBXTargetDependency */,
			);
			name = EssentialAppTests;
			packageProductDependencies = (
				B5B70B472AF9883F00320A29 /* FeedFeature */,
				B5B70B492AF9883F00320A29 /* FeedPresentation */,
				B5B70B4B2AF9883F00320A29 /* FeedUI */,
				B5B70B4D2AF9883F00320A29 /* SharedPresentation */,
				B5B70B4F2AF9883F00320A29 /* SharedTestHelpers */,
				B5B70B512AF9883F00320A29 /* SharedUI */,
			);
			productName = EssentialAppTests;
			productReference = B56A84EC2AD982EB003D4C3F /* EssentialAppTests.xctest */;
			productType = "com.apple.product-type.bundle.unit-test";
		};
		B59F8ACA2AEBF135006B9D92 /* EssentialFeedAPIEndToEndTests */ = {
			isa = PBXNativeTarget;
			buildConfigurationList = B59F8AD32AEBF135006B9D92 /* Build configuration list for PBXNativeTarget "EssentialFeedAPIEndToEndTests" */;
			buildPhases = (
				B59F8AC72AEBF135006B9D92 /* Sources */,
				B59F8AC82AEBF135006B9D92 /* Frameworks */,
				B59F8AC92AEBF135006B9D92 /* Resources */,
			);
			buildRules = (
			);
			dependencies = (
				B59F8AD02AEBF135006B9D92 /* PBXTargetDependency */,
			);
			name = EssentialFeedAPIEndToEndTests;
			packageProductDependencies = (
				B59F8AE12AEBF580006B9D92 /* FeedFeature */,
				B59F8AE32AEBF580006B9D92 /* SharedAPI */,
				B59F8AE52AEBF580006B9D92 /* SharedAPIInfra */,
				B59F8AE72AEBF581006B9D92 /* SharedTestHelpers */,
				B5B70B452AF9881700320A29 /* FeedAPI */,
			);
			productName = EssentialFeedAPIEndToEndTests;
			productReference = B59F8ACB2AEBF135006B9D92 /* EssentialFeedAPIEndToEndTests.xctest */;
			productType = "com.apple.product-type.bundle.unit-test";
		};
/* End PBXNativeTarget section */

/* Begin PBXProject section */
		B56A84CE2AD982E7003D4C3F /* Project object */ = {
			isa = PBXProject;
			attributes = {
				BuildIndependentTargetsInParallel = 1;
				LastSwiftUpdateCheck = 1500;
				LastUpgradeCheck = 1500;
				TargetAttributes = {
					B55094A32AED44BC005DCC1D = {
						CreatedOnToolsVersion = 15.0.1;
					};
					B56A84D52AD982E7003D4C3F = {
						CreatedOnToolsVersion = 15.0;
					};
					B56A84EB2AD982EB003D4C3F = {
						CreatedOnToolsVersion = 15.0;
						TestTargetID = B56A84D52AD982E7003D4C3F;
					};
					B59F8ACA2AEBF135006B9D92 = {
						CreatedOnToolsVersion = 15.0;
					};
				};
			};
			buildConfigurationList = B56A84D12AD982E7003D4C3F /* Build configuration list for PBXProject "EssentialApp" */;
			compatibilityVersion = "Xcode 14.0";
			developmentRegion = en;
			hasScannedForEncodings = 0;
			knownRegions = (
				en,
				Base,
			);
			mainGroup = B56A84CD2AD982E7003D4C3F;
			productRefGroup = B56A84D72AD982E7003D4C3F /* Products */;
			projectDirPath = "";
			projectRoot = "";
			targets = (
				B56A84D52AD982E7003D4C3F /* EssentialApp */,
				B56A84EB2AD982EB003D4C3F /* EssentialAppTests */,
				B59F8ACA2AEBF135006B9D92 /* EssentialFeedAPIEndToEndTests */,
				B55094A32AED44BC005DCC1D /* EssentialFeedCacheIntegrationTests */,
			);
		};
/* End PBXProject section */

/* Begin PBXResourcesBuildPhase section */
		B55094A22AED44BC005DCC1D /* Resources */ = {
			isa = PBXResourcesBuildPhase;
			buildActionMask = 2147483647;
			files = (
			);
			runOnlyForDeploymentPostprocessing = 0;
		};
		B56A84D42AD982E7003D4C3F /* Resources */ = {
			isa = PBXResourcesBuildPhase;
			buildActionMask = 2147483647;
			files = (
				B56A84E62AD982EB003D4C3F /* LaunchScreen.storyboard in Resources */,
				B56A84E32AD982EB003D4C3F /* Assets.xcassets in Resources */,
				B56A84E12AD982E7003D4C3F /* Main.storyboard in Resources */,
			);
			runOnlyForDeploymentPostprocessing = 0;
		};
		B56A84EA2AD982EB003D4C3F /* Resources */ = {
			isa = PBXResourcesBuildPhase;
			buildActionMask = 2147483647;
			files = (
			);
			runOnlyForDeploymentPostprocessing = 0;
		};
		B59F8AC92AEBF135006B9D92 /* Resources */ = {
			isa = PBXResourcesBuildPhase;
			buildActionMask = 2147483647;
			files = (
			);
			runOnlyForDeploymentPostprocessing = 0;
		};
/* End PBXResourcesBuildPhase section */

/* Begin PBXSourcesBuildPhase section */
		B55094A02AED44BC005DCC1D /* Sources */ = {
			isa = PBXSourcesBuildPhase;
			buildActionMask = 2147483647;
			files = (
				B55094A72AED44BC005DCC1D /* EssentialFeedCacheIntegrationTests.swift in Sources */,
				B55094AE2AED4521005DCC1D /* TestHelpers.swift in Sources */,
			);
			runOnlyForDeploymentPostprocessing = 0;
		};
		B56A84D22AD982E7003D4C3F /* Sources */ = {
			isa = PBXSourcesBuildPhase;
			buildActionMask = 2147483647;
			files = (
				B544EE5A2AFADB220069ED2E /* FeedViewAdapter.swift in Sources */,
				B56A84DE2AD982E7003D4C3F /* ViewController.swift in Sources */,
				B544EE5C2AFADC000069ED2E /* WeakRefVirtualProxy.swift in Sources */,
				B5B70B542AF98BB300320A29 /* FeedUIComposer.swift in Sources */,
				B544EE562AFADA850069ED2E /* LoadResourcePresentationAdapter.swift in Sources */,
				B56A84DA2AD982E7003D4C3F /* AppDelegate.swift in Sources */,
				B56A84DC2AD982E7003D4C3F /* SceneDelegate.swift in Sources */,
				B544EE582AFADAB00069ED2E /* CombineHelpers.swift in Sources */,
			);
			runOnlyForDeploymentPostprocessing = 0;
		};
		B56A84E82AD982EB003D4C3F /* Sources */ = {
			isa = PBXSourcesBuildPhase;
			buildActionMask = 2147483647;
			files = (
				B524BB942AF983CC00722B7F /* ListViewController+TestHelpers.swift in Sources */,
				B5B70B6A2AF98E3100320A29 /* FeedUIIntegrationTests+Assertions.swift in Sources */,
				B524BB962AF9842A00722B7F /* UIRefreshControl+TestHelpers.swift in Sources */,
				B524BB922AF982A100722B7F /* FeedUIIntegrationTests+LoaderSpy.swift in Sources */,
				B5B70B6C2AF98E5F00320A29 /* UIView+TestHelpers.swift in Sources */,
				B524BB982AF9844900722B7F /* UIControl+TestHelpers.swift in Sources */,
				B524BB9A2AF9846B00722B7F /* UIButton+TestHelpers.swift in Sources */,
				B544EE542AFAD7040069ED2E /* FeedImageCell+TestHelpers.swift in Sources */,
				B524BB902AF9817E00722B7F /* SharedTestHelpers.swift in Sources */,
				B524BB8D2AF9805900722B7F /* FeedUIIntegrationTests.swift in Sources */,
			);
			runOnlyForDeploymentPostprocessing = 0;
		};
		B59F8AC72AEBF135006B9D92 /* Sources */ = {
			isa = PBXSourcesBuildPhase;
			buildActionMask = 2147483647;
			files = (
				B59F8ACE2AEBF135006B9D92 /* EssentialFeedAPIEndToEndTests.swift in Sources */,
			);
			runOnlyForDeploymentPostprocessing = 0;
		};
/* End PBXSourcesBuildPhase section */

/* Begin PBXTargetDependency section */
		B56A84EE2AD982EB003D4C3F /* PBXTargetDependency */ = {
			isa = PBXTargetDependency;
			target = B56A84D52AD982E7003D4C3F /* EssentialApp */;
			targetProxy = B56A84ED2AD982EB003D4C3F /* PBXContainerItemProxy */;
		};
		B59F8AD02AEBF135006B9D92 /* PBXTargetDependency */ = {
			isa = PBXTargetDependency;
			target = B56A84D52AD982E7003D4C3F /* EssentialApp */;
			targetProxy = B59F8ACF2AEBF135006B9D92 /* PBXContainerItemProxy */;
		};
/* End PBXTargetDependency section */

/* Begin PBXVariantGroup section */
		B56A84DF2AD982E7003D4C3F /* Main.storyboard */ = {
			isa = PBXVariantGroup;
			children = (
				B56A84E02AD982E7003D4C3F /* Base */,
			);
			name = Main.storyboard;
			sourceTree = "<group>";
		};
		B56A84E42AD982EB003D4C3F /* LaunchScreen.storyboard */ = {
			isa = PBXVariantGroup;
			children = (
				B56A84E52AD982EB003D4C3F /* Base */,
			);
			name = LaunchScreen.storyboard;
			sourceTree = "<group>";
		};
/* End PBXVariantGroup section */

/* Begin XCBuildConfiguration section */
		B55094A82AED44BC005DCC1D /* Debug */ = {
			isa = XCBuildConfiguration;
			buildSettings = {
				CODE_SIGN_STYLE = Automatic;
				CURRENT_PROJECT_VERSION = 1;
				DEVELOPMENT_TEAM = 3DF39BA34D;
				GENERATE_INFOPLIST_FILE = YES;
				MARKETING_VERSION = 1.0;
				PRODUCT_BUNDLE_IDENTIFIER = com.benrosen.EssentialFeedCacheIntegrationTests;
				PRODUCT_NAME = "$(TARGET_NAME)";
				SWIFT_EMIT_LOC_STRINGS = NO;
				SWIFT_VERSION = 5.0;
				TARGETED_DEVICE_FAMILY = "1,2";
			};
			name = Debug;
		};
		B55094A92AED44BC005DCC1D /* Release */ = {
			isa = XCBuildConfiguration;
			buildSettings = {
				CODE_SIGN_STYLE = Automatic;
				CURRENT_PROJECT_VERSION = 1;
				DEVELOPMENT_TEAM = 3DF39BA34D;
				GENERATE_INFOPLIST_FILE = YES;
				MARKETING_VERSION = 1.0;
				PRODUCT_BUNDLE_IDENTIFIER = com.benrosen.EssentialFeedCacheIntegrationTests;
				PRODUCT_NAME = "$(TARGET_NAME)";
				SWIFT_EMIT_LOC_STRINGS = NO;
				SWIFT_VERSION = 5.0;
				TARGETED_DEVICE_FAMILY = "1,2";
			};
			name = Release;
		};
		B56A84FE2AD982EB003D4C3F /* Debug */ = {
			isa = XCBuildConfiguration;
			buildSettings = {
				ALWAYS_SEARCH_USER_PATHS = NO;
				ASSETCATALOG_COMPILER_GENERATE_SWIFT_ASSET_SYMBOL_EXTENSIONS = YES;
				CLANG_ANALYZER_NONNULL = YES;
				CLANG_ANALYZER_NUMBER_OBJECT_CONVERSION = YES_AGGRESSIVE;
				CLANG_CXX_LANGUAGE_STANDARD = "gnu++20";
				CLANG_ENABLE_MODULES = YES;
				CLANG_ENABLE_OBJC_ARC = YES;
				CLANG_ENABLE_OBJC_WEAK = YES;
				CLANG_WARN_BLOCK_CAPTURE_AUTORELEASING = YES;
				CLANG_WARN_BOOL_CONVERSION = YES;
				CLANG_WARN_COMMA = YES;
				CLANG_WARN_CONSTANT_CONVERSION = YES;
				CLANG_WARN_DEPRECATED_OBJC_IMPLEMENTATIONS = YES;
				CLANG_WARN_DIRECT_OBJC_ISA_USAGE = YES_ERROR;
				CLANG_WARN_DOCUMENTATION_COMMENTS = YES;
				CLANG_WARN_EMPTY_BODY = YES;
				CLANG_WARN_ENUM_CONVERSION = YES;
				CLANG_WARN_INFINITE_RECURSION = YES;
				CLANG_WARN_INT_CONVERSION = YES;
				CLANG_WARN_NON_LITERAL_NULL_CONVERSION = YES;
				CLANG_WARN_OBJC_IMPLICIT_RETAIN_SELF = YES;
				CLANG_WARN_OBJC_LITERAL_CONVERSION = YES;
				CLANG_WARN_OBJC_ROOT_CLASS = YES_ERROR;
				CLANG_WARN_QUOTED_INCLUDE_IN_FRAMEWORK_HEADER = YES;
				CLANG_WARN_RANGE_LOOP_ANALYSIS = YES;
				CLANG_WARN_STRICT_PROTOTYPES = YES;
				CLANG_WARN_SUSPICIOUS_MOVE = YES;
				CLANG_WARN_UNGUARDED_AVAILABILITY = YES_AGGRESSIVE;
				CLANG_WARN_UNREACHABLE_CODE = YES;
				CLANG_WARN__DUPLICATE_METHOD_MATCH = YES;
				COPY_PHASE_STRIP = NO;
				DEBUG_INFORMATION_FORMAT = dwarf;
				ENABLE_STRICT_OBJC_MSGSEND = YES;
				ENABLE_TESTABILITY = YES;
				ENABLE_USER_SCRIPT_SANDBOXING = YES;
				GCC_C_LANGUAGE_STANDARD = gnu17;
				GCC_DYNAMIC_NO_PIC = NO;
				GCC_NO_COMMON_BLOCKS = YES;
				GCC_OPTIMIZATION_LEVEL = 0;
				GCC_PREPROCESSOR_DEFINITIONS = (
					"DEBUG=1",
					"$(inherited)",
				);
				GCC_WARN_64_TO_32_BIT_CONVERSION = YES;
				GCC_WARN_ABOUT_RETURN_TYPE = YES_ERROR;
				GCC_WARN_UNDECLARED_SELECTOR = YES;
				GCC_WARN_UNINITIALIZED_AUTOS = YES_AGGRESSIVE;
				GCC_WARN_UNUSED_FUNCTION = YES;
				GCC_WARN_UNUSED_VARIABLE = YES;
				IPHONEOS_DEPLOYMENT_TARGET = 17.0;
				LOCALIZATION_PREFERS_STRING_CATALOGS = YES;
				MTL_ENABLE_DEBUG_INFO = INCLUDE_SOURCE;
				MTL_FAST_MATH = YES;
				ONLY_ACTIVE_ARCH = YES;
				SDKROOT = iphoneos;
				SWIFT_ACTIVE_COMPILATION_CONDITIONS = "DEBUG $(inherited)";
				SWIFT_OPTIMIZATION_LEVEL = "-Onone";
			};
			name = Debug;
		};
		B56A84FF2AD982EB003D4C3F /* Release */ = {
			isa = XCBuildConfiguration;
			buildSettings = {
				ALWAYS_SEARCH_USER_PATHS = NO;
				ASSETCATALOG_COMPILER_GENERATE_SWIFT_ASSET_SYMBOL_EXTENSIONS = YES;
				CLANG_ANALYZER_NONNULL = YES;
				CLANG_ANALYZER_NUMBER_OBJECT_CONVERSION = YES_AGGRESSIVE;
				CLANG_CXX_LANGUAGE_STANDARD = "gnu++20";
				CLANG_ENABLE_MODULES = YES;
				CLANG_ENABLE_OBJC_ARC = YES;
				CLANG_ENABLE_OBJC_WEAK = YES;
				CLANG_WARN_BLOCK_CAPTURE_AUTORELEASING = YES;
				CLANG_WARN_BOOL_CONVERSION = YES;
				CLANG_WARN_COMMA = YES;
				CLANG_WARN_CONSTANT_CONVERSION = YES;
				CLANG_WARN_DEPRECATED_OBJC_IMPLEMENTATIONS = YES;
				CLANG_WARN_DIRECT_OBJC_ISA_USAGE = YES_ERROR;
				CLANG_WARN_DOCUMENTATION_COMMENTS = YES;
				CLANG_WARN_EMPTY_BODY = YES;
				CLANG_WARN_ENUM_CONVERSION = YES;
				CLANG_WARN_INFINITE_RECURSION = YES;
				CLANG_WARN_INT_CONVERSION = YES;
				CLANG_WARN_NON_LITERAL_NULL_CONVERSION = YES;
				CLANG_WARN_OBJC_IMPLICIT_RETAIN_SELF = YES;
				CLANG_WARN_OBJC_LITERAL_CONVERSION = YES;
				CLANG_WARN_OBJC_ROOT_CLASS = YES_ERROR;
				CLANG_WARN_QUOTED_INCLUDE_IN_FRAMEWORK_HEADER = YES;
				CLANG_WARN_RANGE_LOOP_ANALYSIS = YES;
				CLANG_WARN_STRICT_PROTOTYPES = YES;
				CLANG_WARN_SUSPICIOUS_MOVE = YES;
				CLANG_WARN_UNGUARDED_AVAILABILITY = YES_AGGRESSIVE;
				CLANG_WARN_UNREACHABLE_CODE = YES;
				CLANG_WARN__DUPLICATE_METHOD_MATCH = YES;
				COPY_PHASE_STRIP = NO;
				DEBUG_INFORMATION_FORMAT = "dwarf-with-dsym";
				ENABLE_NS_ASSERTIONS = NO;
				ENABLE_STRICT_OBJC_MSGSEND = YES;
				ENABLE_USER_SCRIPT_SANDBOXING = YES;
				GCC_C_LANGUAGE_STANDARD = gnu17;
				GCC_NO_COMMON_BLOCKS = YES;
				GCC_WARN_64_TO_32_BIT_CONVERSION = YES;
				GCC_WARN_ABOUT_RETURN_TYPE = YES_ERROR;
				GCC_WARN_UNDECLARED_SELECTOR = YES;
				GCC_WARN_UNINITIALIZED_AUTOS = YES_AGGRESSIVE;
				GCC_WARN_UNUSED_FUNCTION = YES;
				GCC_WARN_UNUSED_VARIABLE = YES;
				IPHONEOS_DEPLOYMENT_TARGET = 17.0;
				LOCALIZATION_PREFERS_STRING_CATALOGS = YES;
				MTL_ENABLE_DEBUG_INFO = NO;
				MTL_FAST_MATH = YES;
				SDKROOT = iphoneos;
				SWIFT_COMPILATION_MODE = wholemodule;
				VALIDATE_PRODUCT = YES;
			};
			name = Release;
		};
		B56A85012AD982EB003D4C3F /* Debug */ = {
			isa = XCBuildConfiguration;
			buildSettings = {
				ASSETCATALOG_COMPILER_APPICON_NAME = AppIcon;
				ASSETCATALOG_COMPILER_GLOBAL_ACCENT_COLOR_NAME = AccentColor;
				CODE_SIGN_STYLE = Automatic;
				CURRENT_PROJECT_VERSION = 1;
				DEVELOPMENT_TEAM = AY3A2T5CW7;
				GENERATE_INFOPLIST_FILE = YES;
				INFOPLIST_FILE = EssentialApp/Info.plist;
				INFOPLIST_KEY_UIApplicationSupportsIndirectInputEvents = YES;
				INFOPLIST_KEY_UILaunchStoryboardName = LaunchScreen;
				INFOPLIST_KEY_UIMainStoryboardFile = Main;
				INFOPLIST_KEY_UISupportedInterfaceOrientations_iPad = "UIInterfaceOrientationPortrait UIInterfaceOrientationPortraitUpsideDown UIInterfaceOrientationLandscapeLeft UIInterfaceOrientationLandscapeRight";
				INFOPLIST_KEY_UISupportedInterfaceOrientations_iPhone = "UIInterfaceOrientationPortrait UIInterfaceOrientationLandscapeLeft UIInterfaceOrientationLandscapeRight";
				LD_RUNPATH_SEARCH_PATHS = (
					"$(inherited)",
					"@executable_path/Frameworks",
				);
				MARKETING_VERSION = 1.0;
				PRODUCT_BUNDLE_IDENTIFIER = com.benrosen.EssentialApp;
				PRODUCT_NAME = "$(TARGET_NAME)";
				SWIFT_EMIT_LOC_STRINGS = YES;
				SWIFT_VERSION = 5.0;
				TARGETED_DEVICE_FAMILY = "1,2";
			};
			name = Debug;
		};
		B56A85022AD982EB003D4C3F /* Release */ = {
			isa = XCBuildConfiguration;
			buildSettings = {
				ASSETCATALOG_COMPILER_APPICON_NAME = AppIcon;
				ASSETCATALOG_COMPILER_GLOBAL_ACCENT_COLOR_NAME = AccentColor;
				CODE_SIGN_STYLE = Automatic;
				CURRENT_PROJECT_VERSION = 1;
				DEVELOPMENT_TEAM = AY3A2T5CW7;
				GENERATE_INFOPLIST_FILE = YES;
				INFOPLIST_FILE = EssentialApp/Info.plist;
				INFOPLIST_KEY_UIApplicationSupportsIndirectInputEvents = YES;
				INFOPLIST_KEY_UILaunchStoryboardName = LaunchScreen;
				INFOPLIST_KEY_UIMainStoryboardFile = Main;
				INFOPLIST_KEY_UISupportedInterfaceOrientations_iPad = "UIInterfaceOrientationPortrait UIInterfaceOrientationPortraitUpsideDown UIInterfaceOrientationLandscapeLeft UIInterfaceOrientationLandscapeRight";
				INFOPLIST_KEY_UISupportedInterfaceOrientations_iPhone = "UIInterfaceOrientationPortrait UIInterfaceOrientationLandscapeLeft UIInterfaceOrientationLandscapeRight";
				LD_RUNPATH_SEARCH_PATHS = (
					"$(inherited)",
					"@executable_path/Frameworks",
				);
				MARKETING_VERSION = 1.0;
				PRODUCT_BUNDLE_IDENTIFIER = com.benrosen.EssentialApp;
				PRODUCT_NAME = "$(TARGET_NAME)";
				SWIFT_EMIT_LOC_STRINGS = YES;
				SWIFT_VERSION = 5.0;
				TARGETED_DEVICE_FAMILY = "1,2";
			};
			name = Release;
		};
		B56A85042AD982EB003D4C3F /* Debug */ = {
			isa = XCBuildConfiguration;
			buildSettings = {
				ALWAYS_EMBED_SWIFT_STANDARD_LIBRARIES = YES;
				BUNDLE_LOADER = "$(TEST_HOST)";
				CODE_SIGN_STYLE = Automatic;
				CURRENT_PROJECT_VERSION = 1;
				DEVELOPMENT_TEAM = AY3A2T5CW7;
				GENERATE_INFOPLIST_FILE = YES;
				IPHONEOS_DEPLOYMENT_TARGET = 17.0;
				MARKETING_VERSION = 1.0;
				PRODUCT_BUNDLE_IDENTIFIER = com.benrosen.EssentialAppTests;
				PRODUCT_NAME = "$(TARGET_NAME)";
				SWIFT_EMIT_LOC_STRINGS = NO;
				SWIFT_VERSION = 5.0;
				TARGETED_DEVICE_FAMILY = "1,2";
				TEST_HOST = "$(BUILT_PRODUCTS_DIR)/EssentialApp.app/$(BUNDLE_EXECUTABLE_FOLDER_PATH)/EssentialApp";
			};
			name = Debug;
		};
		B56A85052AD982EB003D4C3F /* Release */ = {
			isa = XCBuildConfiguration;
			buildSettings = {
				ALWAYS_EMBED_SWIFT_STANDARD_LIBRARIES = YES;
				BUNDLE_LOADER = "$(TEST_HOST)";
				CODE_SIGN_STYLE = Automatic;
				CURRENT_PROJECT_VERSION = 1;
				DEVELOPMENT_TEAM = AY3A2T5CW7;
				GENERATE_INFOPLIST_FILE = YES;
				IPHONEOS_DEPLOYMENT_TARGET = 17.0;
				MARKETING_VERSION = 1.0;
				PRODUCT_BUNDLE_IDENTIFIER = com.benrosen.EssentialAppTests;
				PRODUCT_NAME = "$(TARGET_NAME)";
				SWIFT_EMIT_LOC_STRINGS = NO;
				SWIFT_VERSION = 5.0;
				TARGETED_DEVICE_FAMILY = "1,2";
				TEST_HOST = "$(BUILT_PRODUCTS_DIR)/EssentialApp.app/$(BUNDLE_EXECUTABLE_FOLDER_PATH)/EssentialApp";
			};
			name = Release;
		};
		B59F8AD12AEBF135006B9D92 /* Debug */ = {
			isa = XCBuildConfiguration;
			buildSettings = {
				CODE_SIGN_STYLE = Automatic;
				CURRENT_PROJECT_VERSION = 1;
				DEVELOPMENT_TEAM = AY3A2T5CW7;
				GENERATE_INFOPLIST_FILE = YES;
				MARKETING_VERSION = 1.0;
				PRODUCT_BUNDLE_IDENTIFIER = com.benrosen.EssentialFeedAPIEndToEndTests;
				PRODUCT_NAME = "$(TARGET_NAME)";
				SWIFT_EMIT_LOC_STRINGS = NO;
				SWIFT_VERSION = 5.0;
				TARGETED_DEVICE_FAMILY = "1,2";
			};
			name = Debug;
		};
		B59F8AD22AEBF135006B9D92 /* Release */ = {
			isa = XCBuildConfiguration;
			buildSettings = {
				CODE_SIGN_STYLE = Automatic;
				CURRENT_PROJECT_VERSION = 1;
				DEVELOPMENT_TEAM = AY3A2T5CW7;
				GENERATE_INFOPLIST_FILE = YES;
				MARKETING_VERSION = 1.0;
				PRODUCT_BUNDLE_IDENTIFIER = com.benrosen.EssentialFeedAPIEndToEndTests;
				PRODUCT_NAME = "$(TARGET_NAME)";
				SWIFT_EMIT_LOC_STRINGS = NO;
				SWIFT_VERSION = 5.0;
				TARGETED_DEVICE_FAMILY = "1,2";
			};
			name = Release;
		};
/* End XCBuildConfiguration section */

/* Begin XCConfigurationList section */
		B55094AA2AED44BC005DCC1D /* Build configuration list for PBXNativeTarget "EssentialFeedCacheIntegrationTests" */ = {
			isa = XCConfigurationList;
			buildConfigurations = (
				B55094A82AED44BC005DCC1D /* Debug */,
				B55094A92AED44BC005DCC1D /* Release */,
			);
			defaultConfigurationIsVisible = 0;
			defaultConfigurationName = Release;
		};
		B56A84D12AD982E7003D4C3F /* Build configuration list for PBXProject "EssentialApp" */ = {
			isa = XCConfigurationList;
			buildConfigurations = (
				B56A84FE2AD982EB003D4C3F /* Debug */,
				B56A84FF2AD982EB003D4C3F /* Release */,
			);
			defaultConfigurationIsVisible = 0;
			defaultConfigurationName = Release;
		};
		B56A85002AD982EB003D4C3F /* Build configuration list for PBXNativeTarget "EssentialApp" */ = {
			isa = XCConfigurationList;
			buildConfigurations = (
				B56A85012AD982EB003D4C3F /* Debug */,
				B56A85022AD982EB003D4C3F /* Release */,
			);
			defaultConfigurationIsVisible = 0;
			defaultConfigurationName = Release;
		};
		B56A85032AD982EB003D4C3F /* Build configuration list for PBXNativeTarget "EssentialAppTests" */ = {
			isa = XCConfigurationList;
			buildConfigurations = (
				B56A85042AD982EB003D4C3F /* Debug */,
				B56A85052AD982EB003D4C3F /* Release */,
			);
			defaultConfigurationIsVisible = 0;
			defaultConfigurationName = Release;
		};
		B59F8AD32AEBF135006B9D92 /* Build configuration list for PBXNativeTarget "EssentialFeedAPIEndToEndTests" */ = {
			isa = XCConfigurationList;
			buildConfigurations = (
				B59F8AD12AEBF135006B9D92 /* Debug */,
				B59F8AD22AEBF135006B9D92 /* Release */,
			);
			defaultConfigurationIsVisible = 0;
			defaultConfigurationName = Release;
		};
/* End XCConfigurationList section */

/* Begin XCSwiftPackageProductDependency section */
		B55094AB2AED44CF005DCC1D /* FeedCacheInfra */ = {
			isa = XCSwiftPackageProductDependency;
			productName = FeedCacheInfra;
		};
		B55094AF2AED453B005DCC1D /* SharedTestHelpers */ = {
			isa = XCSwiftPackageProductDependency;
			productName = SharedTestHelpers;
		};
		B59F8AE12AEBF580006B9D92 /* FeedFeature */ = {
			isa = XCSwiftPackageProductDependency;
			productName = FeedFeature;
		};
		B59F8AE32AEBF580006B9D92 /* SharedAPI */ = {
			isa = XCSwiftPackageProductDependency;
			productName = SharedAPI;
		};
		B59F8AE52AEBF580006B9D92 /* SharedAPIInfra */ = {
			isa = XCSwiftPackageProductDependency;
			productName = SharedAPIInfra;
		};
		B59F8AE72AEBF581006B9D92 /* SharedTestHelpers */ = {
			isa = XCSwiftPackageProductDependency;
			productName = SharedTestHelpers;
		};
		B5B70B452AF9881700320A29 /* FeedAPI */ = {
			isa = XCSwiftPackageProductDependency;
			productName = FeedAPI;
		};
		B5B70B472AF9883F00320A29 /* FeedFeature */ = {
			isa = XCSwiftPackageProductDependency;
			productName = FeedFeature;
		};
		B5B70B492AF9883F00320A29 /* FeedPresentation */ = {
			isa = XCSwiftPackageProductDependency;
			productName = FeedPresentation;
		};
		B5B70B4B2AF9883F00320A29 /* FeedUI */ = {
			isa = XCSwiftPackageProductDependency;
			productName = FeedUI;
		};
		B5B70B4D2AF9883F00320A29 /* SharedPresentation */ = {
			isa = XCSwiftPackageProductDependency;
			productName = SharedPresentation;
		};
		B5B70B4F2AF9883F00320A29 /* SharedTestHelpers */ = {
			isa = XCSwiftPackageProductDependency;
			productName = SharedTestHelpers;
		};
		B5B70B512AF9883F00320A29 /* SharedUI */ = {
			isa = XCSwiftPackageProductDependency;
			productName = SharedUI;
		};
		B5B70B552AF98C0300320A29 /* FeedAPI */ = {
			isa = XCSwiftPackageProductDependency;
			productName = FeedAPI;
		};
		B5B70B572AF98C0300320A29 /* FeedCache */ = {
			isa = XCSwiftPackageProductDependency;
			productName = FeedCache;
		};
		B5B70B592AF98C0300320A29 /* FeedCacheInfra */ = {
			isa = XCSwiftPackageProductDependency;
			productName = FeedCacheInfra;
		};
		B5B70B5B2AF98C0300320A29 /* FeedFeature */ = {
			isa = XCSwiftPackageProductDependency;
			productName = FeedFeature;
		};
		B5B70B5D2AF98C0300320A29 /* FeedPresentation */ = {
			isa = XCSwiftPackageProductDependency;
			productName = FeedPresentation;
		};
		B5B70B5F2AF98C0300320A29 /* FeedUI */ = {
			isa = XCSwiftPackageProductDependency;
			productName = FeedUI;
		};
		B5B70B612AF98C0300320A29 /* SharedAPI */ = {
			isa = XCSwiftPackageProductDependency;
			productName = SharedAPI;
		};
		B5B70B632AF98C0300320A29 /* SharedAPIInfra */ = {
			isa = XCSwiftPackageProductDependency;
			productName = SharedAPIInfra;
		};
		B5B70B652AF98C0300320A29 /* SharedPresentation */ = {
			isa = XCSwiftPackageProductDependency;
			productName = SharedPresentation;
		};
		B5B70B672AF98C0300320A29 /* SharedUI */ = {
			isa = XCSwiftPackageProductDependency;
			productName = SharedUI;
		};
/* End XCSwiftPackageProductDependency section */
	};
	rootObject = B56A84CE2AD982E7003D4C3F /* Project object */;
}
