// !$*UTF8*$!
{
	archiveVersion = 1;
	classes = {
	};
	objectVersion = 56;
	objects = {

/* Begin PBXBuildFile section */
		B56A84DA2AD982E7003D4C3F /* AppDelegate.swift in Sources */ = {isa = PBXBuildFile; fileRef = B56A84D92AD982E7003D4C3F /* AppDelegate.swift */; };
		B56A84DC2AD982E7003D4C3F /* SceneDelegate.swift in Sources */ = {isa = PBXBuildFile; fileRef = B56A84DB2AD982E7003D4C3F /* SceneDelegate.swift */; };
		B56A84DE2AD982E7003D4C3F /* ViewController.swift in Sources */ = {isa = PBXBuildFile; fileRef = B56A84DD2AD982E7003D4C3F /* ViewController.swift */; };
		B56A84E12AD982E7003D4C3F /* Main.storyboard in Resources */ = {isa = PBXBuildFile; fileRef = B56A84DF2AD982E7003D4C3F /* Main.storyboard */; };
		B56A84E32AD982EB003D4C3F /* Assets.xcassets in Resources */ = {isa = PBXBuildFile; fileRef = B56A84E22AD982EB003D4C3F /* Assets.xcassets */; };
		B56A84E62AD982EB003D4C3F /* LaunchScreen.storyboard in Resources */ = {isa = PBXBuildFile; fileRef = B56A84E42AD982EB003D4C3F /* LaunchScreen.storyboard */; };
		B56A84F12AD982EB003D4C3F /* EssentialAppTests.swift in Sources */ = {isa = PBXBuildFile; fileRef = B56A84F02AD982EB003D4C3F /* EssentialAppTests.swift */; };
		B56A84FB2AD982EB003D4C3F /* EssentialAppUITests.swift in Sources */ = {isa = PBXBuildFile; fileRef = B56A84FA2AD982EB003D4C3F /* EssentialAppUITests.swift */; };
		B56A84FD2AD982EB003D4C3F /* EssentialAppUITestsLaunchTests.swift in Sources */ = {isa = PBXBuildFile; fileRef = B56A84FC2AD982EB003D4C3F /* EssentialAppUITestsLaunchTests.swift */; };
		B59F8ACE2AEBF135006B9D92 /* EssentialFeedAPIEndToEndTests.swift in Sources */ = {isa = PBXBuildFile; fileRef = B59F8ACD2AEBF135006B9D92 /* EssentialFeedAPIEndToEndTests.swift */; };
		B59F8AE02AEBF580006B9D92 /* FeedAPI in Frameworks */ = {isa = PBXBuildFile; productRef = B59F8ADF2AEBF580006B9D92 /* FeedAPI */; };
		B59F8AE22AEBF580006B9D92 /* FeedFeature in Frameworks */ = {isa = PBXBuildFile; productRef = B59F8AE12AEBF580006B9D92 /* FeedFeature */; };
		B59F8AE42AEBF580006B9D92 /* SharedAPI in Frameworks */ = {isa = PBXBuildFile; productRef = B59F8AE32AEBF580006B9D92 /* SharedAPI */; };
		B59F8AE62AEBF580006B9D92 /* SharedAPIInfra in Frameworks */ = {isa = PBXBuildFile; productRef = B59F8AE52AEBF580006B9D92 /* SharedAPIInfra */; };
		B59F8AE82AEBF581006B9D92 /* SharedTestHelpers in Frameworks */ = {isa = PBXBuildFile; productRef = B59F8AE72AEBF581006B9D92 /* SharedTestHelpers */; };
/* End PBXBuildFile section */

/* Begin PBXContainerItemProxy section */
		B56A84ED2AD982EB003D4C3F /* PBXContainerItemProxy */ = {
			isa = PBXContainerItemProxy;
			containerPortal = B56A84CE2AD982E7003D4C3F /* Project object */;
			proxyType = 1;
			remoteGlobalIDString = B56A84D52AD982E7003D4C3F;
			remoteInfo = EssentialApp;
		};
		B56A84F72AD982EB003D4C3F /* PBXContainerItemProxy */ = {
			isa = PBXContainerItemProxy;
			containerPortal = B56A84CE2AD982E7003D4C3F /* Project object */;
			proxyType = 1;
			remoteGlobalIDString = B56A84D52AD982E7003D4C3F;
			remoteInfo = EssentialApp;
		};
		B59F8ACF2AEBF135006B9D92 /* PBXContainerItemProxy */ = {
			isa = PBXContainerItemProxy;
			containerPortal = B56A84CE2AD982E7003D4C3F /* Project object */;
			proxyType = 1;
			remoteGlobalIDString = B56A84D52AD982E7003D4C3F;
			remoteInfo = EssentialApp;
		};
/* End PBXContainerItemProxy section */

/* Begin PBXFileReference section */
		B558E9582AED12230076DE05 /* FeedCacheInfra */ = {isa = PBXFileReference; lastKnownFileType = wrapper; name = FeedCacheInfra; path = ../FeedCacheInfra; sourceTree = "<group>"; };
		B56A84D62AD982E7003D4C3F /* EssentialApp.app */ = {isa = PBXFileReference; explicitFileType = wrapper.application; includeInIndex = 0; path = EssentialApp.app; sourceTree = BUILT_PRODUCTS_DIR; };
		B56A84D92AD982E7003D4C3F /* AppDelegate.swift */ = {isa = PBXFileReference; lastKnownFileType = sourcecode.swift; path = AppDelegate.swift; sourceTree = "<group>"; };
		B56A84DB2AD982E7003D4C3F /* SceneDelegate.swift */ = {isa = PBXFileReference; lastKnownFileType = sourcecode.swift; path = SceneDelegate.swift; sourceTree = "<group>"; };
		B56A84DD2AD982E7003D4C3F /* ViewController.swift */ = {isa = PBXFileReference; lastKnownFileType = sourcecode.swift; path = ViewController.swift; sourceTree = "<group>"; };
		B56A84E02AD982E7003D4C3F /* Base */ = {isa = PBXFileReference; lastKnownFileType = file.storyboard; name = Base; path = Base.lproj/Main.storyboard; sourceTree = "<group>"; };
		B56A84E22AD982EB003D4C3F /* Assets.xcassets */ = {isa = PBXFileReference; lastKnownFileType = folder.assetcatalog; path = Assets.xcassets; sourceTree = "<group>"; };
		B56A84E52AD982EB003D4C3F /* Base */ = {isa = PBXFileReference; lastKnownFileType = file.storyboard; name = Base; path = Base.lproj/LaunchScreen.storyboard; sourceTree = "<group>"; };
		B56A84E72AD982EB003D4C3F /* Info.plist */ = {isa = PBXFileReference; lastKnownFileType = text.plist.xml; path = Info.plist; sourceTree = "<group>"; };
		B56A84EC2AD982EB003D4C3F /* EssentialAppTests.xctest */ = {isa = PBXFileReference; explicitFileType = wrapper.cfbundle; includeInIndex = 0; path = EssentialAppTests.xctest; sourceTree = BUILT_PRODUCTS_DIR; };
		B56A84F02AD982EB003D4C3F /* EssentialAppTests.swift */ = {isa = PBXFileReference; lastKnownFileType = sourcecode.swift; path = EssentialAppTests.swift; sourceTree = "<group>"; };
		B56A84F62AD982EB003D4C3F /* EssentialAppUITests.xctest */ = {isa = PBXFileReference; explicitFileType = wrapper.cfbundle; includeInIndex = 0; path = EssentialAppUITests.xctest; sourceTree = BUILT_PRODUCTS_DIR; };
		B56A84FA2AD982EB003D4C3F /* EssentialAppUITests.swift */ = {isa = PBXFileReference; lastKnownFileType = sourcecode.swift; path = EssentialAppUITests.swift; sourceTree = "<group>"; };
		B56A84FC2AD982EB003D4C3F /* EssentialAppUITestsLaunchTests.swift */ = {isa = PBXFileReference; lastKnownFileType = sourcecode.swift; path = EssentialAppUITestsLaunchTests.swift; sourceTree = "<group>"; };
		B56A85092AD9860E003D4C3F /* SharedAPI */ = {isa = PBXFileReference; lastKnownFileType = wrapper; name = SharedAPI; path = ../SharedAPI; sourceTree = "<group>"; };
		B56A850A2AD98801003D4C3F /* SharedAPIInfra */ = {isa = PBXFileReference; lastKnownFileType = wrapper; name = SharedAPIInfra; path = ../SharedAPIInfra; sourceTree = "<group>"; };
		B56A850B2AD99414003D4C3F /* SharedTestHelpers */ = {isa = PBXFileReference; lastKnownFileType = wrapper; name = SharedTestHelpers; path = ../SharedTestHelpers; sourceTree = "<group>"; };
		B56A850C2AD9A2AD003D4C3F /* FeedAPI */ = {isa = PBXFileReference; lastKnownFileType = wrapper; name = FeedAPI; path = ../FeedAPI; sourceTree = "<group>"; };
		B56A850D2AD9A355003D4C3F /* FeedFeature */ = {isa = PBXFileReference; lastKnownFileType = wrapper; name = FeedFeature; path = ../FeedFeature; sourceTree = "<group>"; };
		B59F8ACB2AEBF135006B9D92 /* EssentialFeedAPIEndToEndTests.xctest */ = {isa = PBXFileReference; explicitFileType = wrapper.cfbundle; includeInIndex = 0; path = EssentialFeedAPIEndToEndTests.xctest; sourceTree = BUILT_PRODUCTS_DIR; };
		B59F8ACD2AEBF135006B9D92 /* EssentialFeedAPIEndToEndTests.swift */ = {isa = PBXFileReference; lastKnownFileType = sourcecode.swift; path = EssentialFeedAPIEndToEndTests.swift; sourceTree = "<group>"; };
		B59F8AEA2AEBF748006B9D92 /* CI_macOS.xctestplan */ = {isa = PBXFileReference; lastKnownFileType = text; path = CI_macOS.xctestplan; sourceTree = "<group>"; };
		B59F8AEB2AEC0125006B9D92 /* FeedCache */ = {isa = PBXFileReference; lastKnownFileType = wrapper; name = FeedCache; path = ../FeedCache; sourceTree = "<group>"; };
/* End PBXFileReference section */

/* Begin PBXFrameworksBuildPhase section */
		B56A84D32AD982E7003D4C3F /* Frameworks */ = {
			isa = PBXFrameworksBuildPhase;
			buildActionMask = 2147483647;
			files = (
			);
			runOnlyForDeploymentPostprocessing = 0;
		};
		B56A84E92AD982EB003D4C3F /* Frameworks */ = {
			isa = PBXFrameworksBuildPhase;
			buildActionMask = 2147483647;
			files = (
			);
			runOnlyForDeploymentPostprocessing = 0;
		};
		B56A84F32AD982EB003D4C3F /* Frameworks */ = {
			isa = PBXFrameworksBuildPhase;
			buildActionMask = 2147483647;
			files = (
			);
			runOnlyForDeploymentPostprocessing = 0;
		};
		B59F8AC82AEBF135006B9D92 /* Frameworks */ = {
			isa = PBXFrameworksBuildPhase;
			buildActionMask = 2147483647;
			files = (
				B59F8AE02AEBF580006B9D92 /* FeedAPI in Frameworks */,
				B59F8AE22AEBF580006B9D92 /* FeedFeature in Frameworks */,
				B59F8AE82AEBF581006B9D92 /* SharedTestHelpers in Frameworks */,
				B59F8AE42AEBF580006B9D92 /* SharedAPI in Frameworks */,
				B59F8AE62AEBF580006B9D92 /* SharedAPIInfra in Frameworks */,
			);
			runOnlyForDeploymentPostprocessing = 0;
		};
/* End PBXFrameworksBuildPhase section */

/* Begin PBXGroup section */
		B56A84CD2AD982E7003D4C3F = {
			isa = PBXGroup;
			children = (
				B558E9582AED12230076DE05 /* FeedCacheInfra */,
				B59F8AEB2AEC0125006B9D92 /* FeedCache */,
				B59F8AEA2AEBF748006B9D92 /* CI_macOS.xctestplan */,
				B56A850D2AD9A355003D4C3F /* FeedFeature */,
				B56A850C2AD9A2AD003D4C3F /* FeedAPI */,
				B56A850B2AD99414003D4C3F /* SharedTestHelpers */,
				B56A850A2AD98801003D4C3F /* SharedAPIInfra */,
				B56A85092AD9860E003D4C3F /* SharedAPI */,
				B56A84D82AD982E7003D4C3F /* EssentialApp */,
				B56A84EF2AD982EB003D4C3F /* EssentialAppTests */,
				B56A84F92AD982EB003D4C3F /* EssentialAppUITests */,
				B59F8ACC2AEBF135006B9D92 /* EssentialFeedAPIEndToEndTests */,
				B56A84D72AD982E7003D4C3F /* Products */,
				B59F8AD42AEBF258006B9D92 /* Frameworks */,
			);
			sourceTree = "<group>";
		};
		B56A84D72AD982E7003D4C3F /* Products */ = {
			isa = PBXGroup;
			children = (
				B56A84D62AD982E7003D4C3F /* EssentialApp.app */,
				B56A84EC2AD982EB003D4C3F /* EssentialAppTests.xctest */,
				B56A84F62AD982EB003D4C3F /* EssentialAppUITests.xctest */,
				B59F8ACB2AEBF135006B9D92 /* EssentialFeedAPIEndToEndTests.xctest */,
			);
			name = Products;
			sourceTree = "<group>";
		};
		B56A84D82AD982E7003D4C3F /* EssentialApp */ = {
			isa = PBXGroup;
			children = (
				B56A84D92AD982E7003D4C3F /* AppDelegate.swift */,
				B56A84DB2AD982E7003D4C3F /* SceneDelegate.swift */,
				B56A84DD2AD982E7003D4C3F /* ViewController.swift */,
				B56A84DF2AD982E7003D4C3F /* Main.storyboard */,
				B56A84E22AD982EB003D4C3F /* Assets.xcassets */,
				B56A84E42AD982EB003D4C3F /* LaunchScreen.storyboard */,
				B56A84E72AD982EB003D4C3F /* Info.plist */,
			);
			path = EssentialApp;
			sourceTree = "<group>";
		};
		B56A84EF2AD982EB003D4C3F /* EssentialAppTests */ = {
			isa = PBXGroup;
			children = (
				B56A84F02AD982EB003D4C3F /* EssentialAppTests.swift */,
			);
			path = EssentialAppTests;
			sourceTree = "<group>";
		};
		B56A84F92AD982EB003D4C3F /* EssentialAppUITests */ = {
			isa = PBXGroup;
			children = (
				B56A84FA2AD982EB003D4C3F /* EssentialAppUITests.swift */,
				B56A84FC2AD982EB003D4C3F /* EssentialAppUITestsLaunchTests.swift */,
			);
			path = EssentialAppUITests;
			sourceTree = "<group>";
		};
		B59F8ACC2AEBF135006B9D92 /* EssentialFeedAPIEndToEndTests */ = {
			isa = PBXGroup;
			children = (
				B59F8ACD2AEBF135006B9D92 /* EssentialFeedAPIEndToEndTests.swift */,
			);
			path = EssentialFeedAPIEndToEndTests;
			sourceTree = "<group>";
		};
		B59F8AD42AEBF258006B9D92 /* Frameworks */ = {
			isa = PBXGroup;
			children = (
			);
			name = Frameworks;
			sourceTree = "<group>";
		};
/* End PBXGroup section */

/* Begin PBXNativeTarget section */
		B56A84D52AD982E7003D4C3F /* EssentialApp */ = {
			isa = PBXNativeTarget;
			buildConfigurationList = B56A85002AD982EB003D4C3F /* Build configuration list for PBXNativeTarget "EssentialApp" */;
			buildPhases = (
				B56A84D22AD982E7003D4C3F /* Sources */,
				B56A84D32AD982E7003D4C3F /* Frameworks */,
				B56A84D42AD982E7003D4C3F /* Resources */,
			);
			buildRules = (
			);
			dependencies = (
			);
			name = EssentialApp;
			productName = EssentialApp;
			productReference = B56A84D62AD982E7003D4C3F /* EssentialApp.app */;
			productType = "com.apple.product-type.application";
		};
		B56A84EB2AD982EB003D4C3F /* EssentialAppTests */ = {
			isa = PBXNativeTarget;
			buildConfigurationList = B56A85032AD982EB003D4C3F /* Build configuration list for PBXNativeTarget "EssentialAppTests" */;
			buildPhases = (
				B56A84E82AD982EB003D4C3F /* Sources */,
				B56A84E92AD982EB003D4C3F /* Frameworks */,
				B56A84EA2AD982EB003D4C3F /* Resources */,
			);
			buildRules = (
			);
			dependencies = (
				B56A84EE2AD982EB003D4C3F /* PBXTargetDependency */,
			);
			name = EssentialAppTests;
			productName = EssentialAppTests;
			productReference = B56A84EC2AD982EB003D4C3F /* EssentialAppTests.xctest */;
			productType = "com.apple.product-type.bundle.unit-test";
		};
		B56A84F52AD982EB003D4C3F /* EssentialAppUITests */ = {
			isa = PBXNativeTarget;
			buildConfigurationList = B56A85062AD982EB003D4C3F /* Build configuration list for PBXNativeTarget "EssentialAppUITests" */;
			buildPhases = (
				B56A84F22AD982EB003D4C3F /* Sources */,
				B56A84F32AD982EB003D4C3F /* Frameworks */,
				B56A84F42AD982EB003D4C3F /* Resources */,
			);
			buildRules = (
			);
			dependencies = (
				B56A84F82AD982EB003D4C3F /* PBXTargetDependency */,
			);
			name = EssentialAppUITests;
			productName = EssentialAppUITests;
			productReference = B56A84F62AD982EB003D4C3F /* EssentialAppUITests.xctest */;
			productType = "com.apple.product-type.bundle.ui-testing";
		};
		B59F8ACA2AEBF135006B9D92 /* EssentialFeedAPIEndToEndTests */ = {
			isa = PBXNativeTarget;
			buildConfigurationList = B59F8AD32AEBF135006B9D92 /* Build configuration list for PBXNativeTarget "EssentialFeedAPIEndToEndTests" */;
			buildPhases = (
				B59F8AC72AEBF135006B9D92 /* Sources */,
				B59F8AC82AEBF135006B9D92 /* Frameworks */,
				B59F8AC92AEBF135006B9D92 /* Resources */,
			);
			buildRules = (
			);
			dependencies = (
				B59F8AD02AEBF135006B9D92 /* PBXTargetDependency */,
			);
			name = EssentialFeedAPIEndToEndTests;
			packageProductDependencies = (
				B59F8ADF2AEBF580006B9D92 /* FeedAPI */,
				B59F8AE12AEBF580006B9D92 /* FeedFeature */,
				B59F8AE32AEBF580006B9D92 /* SharedAPI */,
				B59F8AE52AEBF580006B9D92 /* SharedAPIInfra */,
				B59F8AE72AEBF581006B9D92 /* SharedTestHelpers */,
			);
			productName = EssentialFeedAPIEndToEndTests;
			productReference = B59F8ACB2AEBF135006B9D92 /* EssentialFeedAPIEndToEndTests.xctest */;
			productType = "com.apple.product-type.bundle.unit-test";
		};
/* End PBXNativeTarget section */

/* Begin PBXProject section */
		B56A84CE2AD982E7003D4C3F /* Project object */ = {
			isa = PBXProject;
			attributes = {
				BuildIndependentTargetsInParallel = 1;
				LastSwiftUpdateCheck = 1500;
				LastUpgradeCheck = 1500;
				TargetAttributes = {
					B56A84D52AD982E7003D4C3F = {
						CreatedOnToolsVersion = 15.0;
					};
					B56A84EB2AD982EB003D4C3F = {
						CreatedOnToolsVersion = 15.0;
						TestTargetID = B56A84D52AD982E7003D4C3F;
					};
					B56A84F52AD982EB003D4C3F = {
						CreatedOnToolsVersion = 15.0;
						TestTargetID = B56A84D52AD982E7003D4C3F;
					};
					B59F8ACA2AEBF135006B9D92 = {
						CreatedOnToolsVersion = 15.0;
					};
				};
			};
			buildConfigurationList = B56A84D12AD982E7003D4C3F /* Build configuration list for PBXProject "EssentialApp" */;
			compatibilityVersion = "Xcode 14.0";
			developmentRegion = en;
			hasScannedForEncodings = 0;
			knownRegions = (
				en,
				Base,
			);
			mainGroup = B56A84CD2AD982E7003D4C3F;
			productRefGroup = B56A84D72AD982E7003D4C3F /* Products */;
			projectDirPath = "";
			projectRoot = "";
			targets = (
				B56A84D52AD982E7003D4C3F /* EssentialApp */,
				B56A84EB2AD982EB003D4C3F /* EssentialAppTests */,
				B56A84F52AD982EB003D4C3F /* EssentialAppUITests */,
				B59F8ACA2AEBF135006B9D92 /* EssentialFeedAPIEndToEndTests */,
			);
		};
/* End PBXProject section */

/* Begin PBXResourcesBuildPhase section */
		B56A84D42AD982E7003D4C3F /* Resources */ = {
			isa = PBXResourcesBuildPhase;
			buildActionMask = 2147483647;
			files = (
				B56A84E62AD982EB003D4C3F /* LaunchScreen.storyboard in Resources */,
				B56A84E32AD982EB003D4C3F /* Assets.xcassets in Resources */,
				B56A84E12AD982E7003D4C3F /* Main.storyboard in Resources */,
			);
			runOnlyForDeploymentPostprocessing = 0;
		};
		B56A84EA2AD982EB003D4C3F /* Resources */ = {
			isa = PBXResourcesBuildPhase;
			buildActionMask = 2147483647;
			files = (
			);
			runOnlyForDeploymentPostprocessing = 0;
		};
		B56A84F42AD982EB003D4C3F /* Resources */ = {
			isa = PBXResourcesBuildPhase;
			buildActionMask = 2147483647;
			files = (
			);
			runOnlyForDeploymentPostprocessing = 0;
		};
		B59F8AC92AEBF135006B9D92 /* Resources */ = {
			isa = PBXResourcesBuildPhase;
			buildActionMask = 2147483647;
			files = (
			);
			runOnlyForDeploymentPostprocessing = 0;
		};
/* End PBXResourcesBuildPhase section */

/* Begin PBXSourcesBuildPhase section */
		B56A84D22AD982E7003D4C3F /* Sources */ = {
			isa = PBXSourcesBuildPhase;
			buildActionMask = 2147483647;
			files = (
				B56A84DE2AD982E7003D4C3F /* ViewController.swift in Sources */,
				B56A84DA2AD982E7003D4C3F /* AppDelegate.swift in Sources */,
				B56A84DC2AD982E7003D4C3F /* SceneDelegate.swift in Sources */,
			);
			runOnlyForDeploymentPostprocessing = 0;
		};
		B56A84E82AD982EB003D4C3F /* Sources */ = {
			isa = PBXSourcesBuildPhase;
			buildActionMask = 2147483647;
			files = (
				B56A84F12AD982EB003D4C3F /* EssentialAppTests.swift in Sources */,
			);
			runOnlyForDeploymentPostprocessing = 0;
		};
		B56A84F22AD982EB003D4C3F /* Sources */ = {
			isa = PBXSourcesBuildPhase;
			buildActionMask = 2147483647;
			files = (
				B56A84FB2AD982EB003D4C3F /* EssentialAppUITests.swift in Sources */,
				B56A84FD2AD982EB003D4C3F /* EssentialAppUITestsLaunchTests.swift in Sources */,
			);
			runOnlyForDeploymentPostprocessing = 0;
		};
		B59F8AC72AEBF135006B9D92 /* Sources */ = {
			isa = PBXSourcesBuildPhase;
			buildActionMask = 2147483647;
			files = (
				B59F8ACE2AEBF135006B9D92 /* EssentialFeedAPIEndToEndTests.swift in Sources */,
			);
			runOnlyForDeploymentPostprocessing = 0;
		};
/* End PBXSourcesBuildPhase section */

/* Begin PBXTargetDependency section */
		B56A84EE2AD982EB003D4C3F /* PBXTargetDependency */ = {
			isa = PBXTargetDependency;
			target = B56A84D52AD982E7003D4C3F /* EssentialApp */;
			targetProxy = B56A84ED2AD982EB003D4C3F /* PBXContainerItemProxy */;
		};
		B56A84F82AD982EB003D4C3F /* PBXTargetDependency */ = {
			isa = PBXTargetDependency;
			target = B56A84D52AD982E7003D4C3F /* EssentialApp */;
			targetProxy = B56A84F72AD982EB003D4C3F /* PBXContainerItemProxy */;
		};
		B59F8AD02AEBF135006B9D92 /* PBXTargetDependency */ = {
			isa = PBXTargetDependency;
			target = B56A84D52AD982E7003D4C3F /* EssentialApp */;
			targetProxy = B59F8ACF2AEBF135006B9D92 /* PBXContainerItemProxy */;
		};
/* End PBXTargetDependency section */

/* Begin PBXVariantGroup section */
		B56A84DF2AD982E7003D4C3F /* Main.storyboard */ = {
			isa = PBXVariantGroup;
			children = (
				B56A84E02AD982E7003D4C3F /* Base */,
			);
			name = Main.storyboard;
			sourceTree = "<group>";
		};
		B56A84E42AD982EB003D4C3F /* LaunchScreen.storyboard */ = {
			isa = PBXVariantGroup;
			children = (
				B56A84E52AD982EB003D4C3F /* Base */,
			);
			name = LaunchScreen.storyboard;
			sourceTree = "<group>";
		};
/* End PBXVariantGroup section */

/* Begin XCBuildConfiguration section */
		B56A84FE2AD982EB003D4C3F /* Debug */ = {
			isa = XCBuildConfiguration;
			buildSettings = {
				ALWAYS_SEARCH_USER_PATHS = NO;
				ASSETCATALOG_COMPILER_GENERATE_SWIFT_ASSET_SYMBOL_EXTENSIONS = YES;
				CLANG_ANALYZER_NONNULL = YES;
				CLANG_ANALYZER_NUMBER_OBJECT_CONVERSION = YES_AGGRESSIVE;
				CLANG_CXX_LANGUAGE_STANDARD = "gnu++20";
				CLANG_ENABLE_MODULES = YES;
				CLANG_ENABLE_OBJC_ARC = YES;
				CLANG_ENABLE_OBJC_WEAK = YES;
				CLANG_WARN_BLOCK_CAPTURE_AUTORELEASING = YES;
				CLANG_WARN_BOOL_CONVERSION = YES;
				CLANG_WARN_COMMA = YES;
				CLANG_WARN_CONSTANT_CONVERSION = YES;
				CLANG_WARN_DEPRECATED_OBJC_IMPLEMENTATIONS = YES;
				CLANG_WARN_DIRECT_OBJC_ISA_USAGE = YES_ERROR;
				CLANG_WARN_DOCUMENTATION_COMMENTS = YES;
				CLANG_WARN_EMPTY_BODY = YES;
				CLANG_WARN_ENUM_CONVERSION = YES;
				CLANG_WARN_INFINITE_RECURSION = YES;
				CLANG_WARN_INT_CONVERSION = YES;
				CLANG_WARN_NON_LITERAL_NULL_CONVERSION = YES;
				CLANG_WARN_OBJC_IMPLICIT_RETAIN_SELF = YES;
				CLANG_WARN_OBJC_LITERAL_CONVERSION = YES;
				CLANG_WARN_OBJC_ROOT_CLASS = YES_ERROR;
				CLANG_WARN_QUOTED_INCLUDE_IN_FRAMEWORK_HEADER = YES;
				CLANG_WARN_RANGE_LOOP_ANALYSIS = YES;
				CLANG_WARN_STRICT_PROTOTYPES = YES;
				CLANG_WARN_SUSPICIOUS_MOVE = YES;
				CLANG_WARN_UNGUARDED_AVAILABILITY = YES_AGGRESSIVE;
				CLANG_WARN_UNREACHABLE_CODE = YES;
				CLANG_WARN__DUPLICATE_METHOD_MATCH = YES;
				COPY_PHASE_STRIP = NO;
				DEBUG_INFORMATION_FORMAT = dwarf;
				ENABLE_STRICT_OBJC_MSGSEND = YES;
				ENABLE_TESTABILITY = YES;
				ENABLE_USER_SCRIPT_SANDBOXING = YES;
				GCC_C_LANGUAGE_STANDARD = gnu17;
				GCC_DYNAMIC_NO_PIC = NO;
				GCC_NO_COMMON_BLOCKS = YES;
				GCC_OPTIMIZATION_LEVEL = 0;
				GCC_PREPROCESSOR_DEFINITIONS = (
					"DEBUG=1",
					"$(inherited)",
				);
				GCC_WARN_64_TO_32_BIT_CONVERSION = YES;
				GCC_WARN_ABOUT_RETURN_TYPE = YES_ERROR;
				GCC_WARN_UNDECLARED_SELECTOR = YES;
				GCC_WARN_UNINITIALIZED_AUTOS = YES_AGGRESSIVE;
				GCC_WARN_UNUSED_FUNCTION = YES;
				GCC_WARN_UNUSED_VARIABLE = YES;
				IPHONEOS_DEPLOYMENT_TARGET = 17.0;
				LOCALIZATION_PREFERS_STRING_CATALOGS = YES;
				MTL_ENABLE_DEBUG_INFO = INCLUDE_SOURCE;
				MTL_FAST_MATH = YES;
				ONLY_ACTIVE_ARCH = YES;
				SDKROOT = iphoneos;
				SWIFT_ACTIVE_COMPILATION_CONDITIONS = "DEBUG $(inherited)";
				SWIFT_OPTIMIZATION_LEVEL = "-Onone";
			};
			name = Debug;
		};
		B56A84FF2AD982EB003D4C3F /* Release */ = {
			isa = XCBuildConfiguration;
			buildSettings = {
				ALWAYS_SEARCH_USER_PATHS = NO;
				ASSETCATALOG_COMPILER_GENERATE_SWIFT_ASSET_SYMBOL_EXTENSIONS = YES;
				CLANG_ANALYZER_NONNULL = YES;
				CLANG_ANALYZER_NUMBER_OBJECT_CONVERSION = YES_AGGRESSIVE;
				CLANG_CXX_LANGUAGE_STANDARD = "gnu++20";
				CLANG_ENABLE_MODULES = YES;
				CLANG_ENABLE_OBJC_ARC = YES;
				CLANG_ENABLE_OBJC_WEAK = YES;
				CLANG_WARN_BLOCK_CAPTURE_AUTORELEASING = YES;
				CLANG_WARN_BOOL_CONVERSION = YES;
				CLANG_WARN_COMMA = YES;
				CLANG_WARN_CONSTANT_CONVERSION = YES;
				CLANG_WARN_DEPRECATED_OBJC_IMPLEMENTATIONS = YES;
				CLANG_WARN_DIRECT_OBJC_ISA_USAGE = YES_ERROR;
				CLANG_WARN_DOCUMENTATION_COMMENTS = YES;
				CLANG_WARN_EMPTY_BODY = YES;
				CLANG_WARN_ENUM_CONVERSION = YES;
				CLANG_WARN_INFINITE_RECURSION = YES;
				CLANG_WARN_INT_CONVERSION = YES;
				CLANG_WARN_NON_LITERAL_NULL_CONVERSION = YES;
				CLANG_WARN_OBJC_IMPLICIT_RETAIN_SELF = YES;
				CLANG_WARN_OBJC_LITERAL_CONVERSION = YES;
				CLANG_WARN_OBJC_ROOT_CLASS = YES_ERROR;
				CLANG_WARN_QUOTED_INCLUDE_IN_FRAMEWORK_HEADER = YES;
				CLANG_WARN_RANGE_LOOP_ANALYSIS = YES;
				CLANG_WARN_STRICT_PROTOTYPES = YES;
				CLANG_WARN_SUSPICIOUS_MOVE = YES;
				CLANG_WARN_UNGUARDED_AVAILABILITY = YES_AGGRESSIVE;
				CLANG_WARN_UNREACHABLE_CODE = YES;
				CLANG_WARN__DUPLICATE_METHOD_MATCH = YES;
				COPY_PHASE_STRIP = NO;
				DEBUG_INFORMATION_FORMAT = "dwarf-with-dsym";
				ENABLE_NS_ASSERTIONS = NO;
				ENABLE_STRICT_OBJC_MSGSEND = YES;
				ENABLE_USER_SCRIPT_SANDBOXING = YES;
				GCC_C_LANGUAGE_STANDARD = gnu17;
				GCC_NO_COMMON_BLOCKS = YES;
				GCC_WARN_64_TO_32_BIT_CONVERSION = YES;
				GCC_WARN_ABOUT_RETURN_TYPE = YES_ERROR;
				GCC_WARN_UNDECLARED_SELECTOR = YES;
				GCC_WARN_UNINITIALIZED_AUTOS = YES_AGGRESSIVE;
				GCC_WARN_UNUSED_FUNCTION = YES;
				GCC_WARN_UNUSED_VARIABLE = YES;
				IPHONEOS_DEPLOYMENT_TARGET = 17.0;
				LOCALIZATION_PREFERS_STRING_CATALOGS = YES;
				MTL_ENABLE_DEBUG_INFO = NO;
				MTL_FAST_MATH = YES;
				SDKROOT = iphoneos;
				SWIFT_COMPILATION_MODE = wholemodule;
				VALIDATE_PRODUCT = YES;
			};
			name = Release;
		};
		B56A85012AD982EB003D4C3F /* Debug */ = {
			isa = XCBuildConfiguration;
			buildSettings = {
				ASSETCATALOG_COMPILER_APPICON_NAME = AppIcon;
				ASSETCATALOG_COMPILER_GLOBAL_ACCENT_COLOR_NAME = AccentColor;
				CODE_SIGN_STYLE = Automatic;
				CURRENT_PROJECT_VERSION = 1;
				DEVELOPMENT_TEAM = AY3A2T5CW7;
				GENERATE_INFOPLIST_FILE = YES;
				INFOPLIST_FILE = EssentialApp/Info.plist;
				INFOPLIST_KEY_UIApplicationSupportsIndirectInputEvents = YES;
				INFOPLIST_KEY_UILaunchStoryboardName = LaunchScreen;
				INFOPLIST_KEY_UIMainStoryboardFile = Main;
				INFOPLIST_KEY_UISupportedInterfaceOrientations_iPad = "UIInterfaceOrientationPortrait UIInterfaceOrientationPortraitUpsideDown UIInterfaceOrientationLandscapeLeft UIInterfaceOrientationLandscapeRight";
				INFOPLIST_KEY_UISupportedInterfaceOrientations_iPhone = "UIInterfaceOrientationPortrait UIInterfaceOrientationLandscapeLeft UIInterfaceOrientationLandscapeRight";
				LD_RUNPATH_SEARCH_PATHS = (
					"$(inherited)",
					"@executable_path/Frameworks",
				);
				MARKETING_VERSION = 1.0;
				PRODUCT_BUNDLE_IDENTIFIER = com.benrosen.EssentialApp;
				PRODUCT_NAME = "$(TARGET_NAME)";
				SWIFT_EMIT_LOC_STRINGS = YES;
				SWIFT_VERSION = 5.0;
				TARGETED_DEVICE_FAMILY = "1,2";
			};
			name = Debug;
		};
		B56A85022AD982EB003D4C3F /* Release */ = {
			isa = XCBuildConfiguration;
			buildSettings = {
				ASSETCATALOG_COMPILER_APPICON_NAME = AppIcon;
				ASSETCATALOG_COMPILER_GLOBAL_ACCENT_COLOR_NAME = AccentColor;
				CODE_SIGN_STYLE = Automatic;
				CURRENT_PROJECT_VERSION = 1;
				DEVELOPMENT_TEAM = AY3A2T5CW7;
				GENERATE_INFOPLIST_FILE = YES;
				INFOPLIST_FILE = EssentialApp/Info.plist;
				INFOPLIST_KEY_UIApplicationSupportsIndirectInputEvents = YES;
				INFOPLIST_KEY_UILaunchStoryboardName = LaunchScreen;
				INFOPLIST_KEY_UIMainStoryboardFile = Main;
				INFOPLIST_KEY_UISupportedInterfaceOrientations_iPad = "UIInterfaceOrientationPortrait UIInterfaceOrientationPortraitUpsideDown UIInterfaceOrientationLandscapeLeft UIInterfaceOrientationLandscapeRight";
				INFOPLIST_KEY_UISupportedInterfaceOrientations_iPhone = "UIInterfaceOrientationPortrait UIInterfaceOrientationLandscapeLeft UIInterfaceOrientationLandscapeRight";
				LD_RUNPATH_SEARCH_PATHS = (
					"$(inherited)",
					"@executable_path/Frameworks",
				);
				MARKETING_VERSION = 1.0;
				PRODUCT_BUNDLE_IDENTIFIER = com.benrosen.EssentialApp;
				PRODUCT_NAME = "$(TARGET_NAME)";
				SWIFT_EMIT_LOC_STRINGS = YES;
				SWIFT_VERSION = 5.0;
				TARGETED_DEVICE_FAMILY = "1,2";
			};
			name = Release;
		};
		B56A85042AD982EB003D4C3F /* Debug */ = {
			isa = XCBuildConfiguration;
			buildSettings = {
				ALWAYS_EMBED_SWIFT_STANDARD_LIBRARIES = YES;
				BUNDLE_LOADER = "$(TEST_HOST)";
				CODE_SIGN_STYLE = Automatic;
				CURRENT_PROJECT_VERSION = 1;
				DEVELOPMENT_TEAM = AY3A2T5CW7;
				GENERATE_INFOPLIST_FILE = YES;
				IPHONEOS_DEPLOYMENT_TARGET = 17.0;
				MARKETING_VERSION = 1.0;
				PRODUCT_BUNDLE_IDENTIFIER = com.benrosen.EssentialAppTests;
				PRODUCT_NAME = "$(TARGET_NAME)";
				SWIFT_EMIT_LOC_STRINGS = NO;
				SWIFT_VERSION = 5.0;
				TARGETED_DEVICE_FAMILY = "1,2";
				TEST_HOST = "$(BUILT_PRODUCTS_DIR)/EssentialApp.app/$(BUNDLE_EXECUTABLE_FOLDER_PATH)/EssentialApp";
			};
			name = Debug;
		};
		B56A85052AD982EB003D4C3F /* Release */ = {
			isa = XCBuildConfiguration;
			buildSettings = {
				ALWAYS_EMBED_SWIFT_STANDARD_LIBRARIES = YES;
				BUNDLE_LOADER = "$(TEST_HOST)";
				CODE_SIGN_STYLE = Automatic;
				CURRENT_PROJECT_VERSION = 1;
				DEVELOPMENT_TEAM = AY3A2T5CW7;
				GENERATE_INFOPLIST_FILE = YES;
				IPHONEOS_DEPLOYMENT_TARGET = 17.0;
				MARKETING_VERSION = 1.0;
				PRODUCT_BUNDLE_IDENTIFIER = com.benrosen.EssentialAppTests;
				PRODUCT_NAME = "$(TARGET_NAME)";
				SWIFT_EMIT_LOC_STRINGS = NO;
				SWIFT_VERSION = 5.0;
				TARGETED_DEVICE_FAMILY = "1,2";
				TEST_HOST = "$(BUILT_PRODUCTS_DIR)/EssentialApp.app/$(BUNDLE_EXECUTABLE_FOLDER_PATH)/EssentialApp";
			};
			name = Release;
		};
		B56A85072AD982EB003D4C3F /* Debug */ = {
			isa = XCBuildConfiguration;
			buildSettings = {
				ALWAYS_EMBED_SWIFT_STANDARD_LIBRARIES = YES;
				CODE_SIGN_STYLE = Automatic;
				CURRENT_PROJECT_VERSION = 1;
				DEVELOPMENT_TEAM = AY3A2T5CW7;
				GENERATE_INFOPLIST_FILE = YES;
				MARKETING_VERSION = 1.0;
				PRODUCT_BUNDLE_IDENTIFIER = com.benrosen.EssentialAppUITests;
				PRODUCT_NAME = "$(TARGET_NAME)";
				SWIFT_EMIT_LOC_STRINGS = NO;
				SWIFT_VERSION = 5.0;
				TARGETED_DEVICE_FAMILY = "1,2";
				TEST_TARGET_NAME = EssentialApp;
			};
			name = Debug;
		};
		B56A85082AD982EB003D4C3F /* Release */ = {
			isa = XCBuildConfiguration;
			buildSettings = {
				ALWAYS_EMBED_SWIFT_STANDARD_LIBRARIES = YES;
				CODE_SIGN_STYLE = Automatic;
				CURRENT_PROJECT_VERSION = 1;
				DEVELOPMENT_TEAM = AY3A2T5CW7;
				GENERATE_INFOPLIST_FILE = YES;
				MARKETING_VERSION = 1.0;
				PRODUCT_BUNDLE_IDENTIFIER = com.benrosen.EssentialAppUITests;
				PRODUCT_NAME = "$(TARGET_NAME)";
				SWIFT_EMIT_LOC_STRINGS = NO;
				SWIFT_VERSION = 5.0;
				TARGETED_DEVICE_FAMILY = "1,2";
				TEST_TARGET_NAME = EssentialApp;
			};
			name = Release;
		};
		B59F8AD12AEBF135006B9D92 /* Debug */ = {
			isa = XCBuildConfiguration;
			buildSettings = {
				CODE_SIGN_STYLE = Automatic;
				CURRENT_PROJECT_VERSION = 1;
				DEVELOPMENT_TEAM = AY3A2T5CW7;
				GENERATE_INFOPLIST_FILE = YES;
				MARKETING_VERSION = 1.0;
				PRODUCT_BUNDLE_IDENTIFIER = com.benrosen.EssentialFeedAPIEndToEndTests;
				PRODUCT_NAME = "$(TARGET_NAME)";
				SWIFT_EMIT_LOC_STRINGS = NO;
				SWIFT_VERSION = 5.0;
				TARGETED_DEVICE_FAMILY = "1,2";
			};
			name = Debug;
		};
		B59F8AD22AEBF135006B9D92 /* Release */ = {
			isa = XCBuildConfiguration;
			buildSettings = {
				CODE_SIGN_STYLE = Automatic;
				CURRENT_PROJECT_VERSION = 1;
				DEVELOPMENT_TEAM = AY3A2T5CW7;
				GENERATE_INFOPLIST_FILE = YES;
				MARKETING_VERSION = 1.0;
				PRODUCT_BUNDLE_IDENTIFIER = com.benrosen.EssentialFeedAPIEndToEndTests;
				PRODUCT_NAME = "$(TARGET_NAME)";
				SWIFT_EMIT_LOC_STRINGS = NO;
				SWIFT_VERSION = 5.0;
				TARGETED_DEVICE_FAMILY = "1,2";
			};
			name = Release;
		};
/* End XCBuildConfiguration section */

/* Begin XCConfigurationList section */
		B56A84D12AD982E7003D4C3F /* Build configuration list for PBXProject "EssentialApp" */ = {
			isa = XCConfigurationList;
			buildConfigurations = (
				B56A84FE2AD982EB003D4C3F /* Debug */,
				B56A84FF2AD982EB003D4C3F /* Release */,
			);
			defaultConfigurationIsVisible = 0;
			defaultConfigurationName = Release;
		};
		B56A85002AD982EB003D4C3F /* Build configuration list for PBXNativeTarget "EssentialApp" */ = {
			isa = XCConfigurationList;
			buildConfigurations = (
				B56A85012AD982EB003D4C3F /* Debug */,
				B56A85022AD982EB003D4C3F /* Release */,
			);
			defaultConfigurationIsVisible = 0;
			defaultConfigurationName = Release;
		};
		B56A85032AD982EB003D4C3F /* Build configuration list for PBXNativeTarget "EssentialAppTests" */ = {
			isa = XCConfigurationList;
			buildConfigurations = (
				B56A85042AD982EB003D4C3F /* Debug */,
				B56A85052AD982EB003D4C3F /* Release */,
			);
			defaultConfigurationIsVisible = 0;
			defaultConfigurationName = Release;
		};
		B56A85062AD982EB003D4C3F /* Build configuration list for PBXNativeTarget "EssentialAppUITests" */ = {
			isa = XCConfigurationList;
			buildConfigurations = (
				B56A85072AD982EB003D4C3F /* Debug */,
				B56A85082AD982EB003D4C3F /* Release */,
			);
			defaultConfigurationIsVisible = 0;
			defaultConfigurationName = Release;
		};
		B59F8AD32AEBF135006B9D92 /* Build configuration list for PBXNativeTarget "EssentialFeedAPIEndToEndTests" */ = {
			isa = XCConfigurationList;
			buildConfigurations = (
				B59F8AD12AEBF135006B9D92 /* Debug */,
				B59F8AD22AEBF135006B9D92 /* Release */,
			);
			defaultConfigurationIsVisible = 0;
			defaultConfigurationName = Release;
		};
/* End XCConfigurationList section */

/* Begin XCSwiftPackageProductDependency section */
		B59F8ADF2AEBF580006B9D92 /* FeedAPI */ = {
			isa = XCSwiftPackageProductDependency;
			productName = FeedAPI;
		};
		B59F8AE12AEBF580006B9D92 /* FeedFeature */ = {
			isa = XCSwiftPackageProductDependency;
			productName = FeedFeature;
		};
		B59F8AE32AEBF580006B9D92 /* SharedAPI */ = {
			isa = XCSwiftPackageProductDependency;
			productName = SharedAPI;
		};
		B59F8AE52AEBF580006B9D92 /* SharedAPIInfra */ = {
			isa = XCSwiftPackageProductDependency;
			productName = SharedAPIInfra;
		};
		B59F8AE72AEBF581006B9D92 /* SharedTestHelpers */ = {
			isa = XCSwiftPackageProductDependency;
			productName = SharedTestHelpers;
		};
/* End XCSwiftPackageProductDependency section */
	};
	rootObject = B56A84CE2AD982E7003D4C3F /* Project object */;
}
